// !$*UTF8*$!
{
	archiveVersion = 1;
	classes = {
	};
	objectVersion = 46;
	objects = {

/* Begin PBXBuildFile section */
		211384ED194300DE0041A18A /* Images.xcassets in Resources */ = {isa = PBXBuildFile; fileRef = 211384EC194300DE0041A18A /* Images.xcassets */; };
		213267961906B51C001C98F7 /* CGameViewController.xib in Resources */ = {isa = PBXBuildFile; fileRef = 21D0725C181DB1910019D264 /* CGameViewController.xib */; };
		2162043A1949AEFF00D129AD /* material.render.operation.screen.ssao.xml in Resources */ = {isa = PBXBuildFile; fileRef = 216204381949AEFF00D129AD /* material.render.operation.screen.ssao.xml */; };
		2162043B1949AEFF00D129AD /* render.operation.screen.ssao.xml in Resources */ = {isa = PBXBuildFile; fileRef = 216204391949AEFF00D129AD /* render.operation.screen.ssao.xml */; };
		2162043F1949AF2300D129AD /* shaderScreenSSAO.frag in Resources */ = {isa = PBXBuildFile; fileRef = 2162043D1949AF2300D129AD /* shaderScreenSSAO.frag */; };
		216204401949AF2300D129AD /* shaderScreenSSAO.vert in Resources */ = {isa = PBXBuildFile; fileRef = 2162043E1949AF2300D129AD /* shaderScreenSSAO.vert */; };
		216204421949D7DC00D129AD /* ssao.random.pvr in Resources */ = {isa = PBXBuildFile; fileRef = 216204411949D7DC00D129AD /* ssao.random.pvr */; };
		2162045C194AFC0900D129AD /* material.landscape.normal.xml in Resources */ = {isa = PBXBuildFile; fileRef = 2162045A194AFC0900D129AD /* material.landscape.normal.xml */; };
		2162045D194AFC0900D129AD /* render.operation.world.normal.xml in Resources */ = {isa = PBXBuildFile; fileRef = 2162045B194AFC0900D129AD /* render.operation.world.normal.xml */; };
		21620460194AFC3900D129AD /* shaderGameObjectNormal.frag in Resources */ = {isa = PBXBuildFile; fileRef = 2162045E194AFC3900D129AD /* shaderGameObjectNormal.frag */; };
		21620461194AFC3900D129AD /* shaderGameObjectNormal.vert in Resources */ = {isa = PBXBuildFile; fileRef = 2162045F194AFC3900D129AD /* shaderGameObjectNormal.vert */; };
		21620463194AFF4C00D129AD /* material.ocean.normal.xml in Resources */ = {isa = PBXBuildFile; fileRef = 21620462194AFF4C00D129AD /* material.ocean.normal.xml */; };
		2162093419A1F04C00DECBBC /* map_01.png in Resources */ = {isa = PBXBuildFile; fileRef = 2162092F19A1F04C00DECBBC /* map_01.png */; };
		2162093519A1F04C00DECBBC /* map_02.png in Resources */ = {isa = PBXBuildFile; fileRef = 2162093019A1F04C00DECBBC /* map_02.png */; };
		2162093619A1F04C00DECBBC /* map_03.png in Resources */ = {isa = PBXBuildFile; fileRef = 2162093119A1F04C00DECBBC /* map_03.png */; };
		2162093719A1F04C00DECBBC /* map_04.png in Resources */ = {isa = PBXBuildFile; fileRef = 2162093219A1F04C00DECBBC /* map_04.png */; };
		2162093819A1F04C00DECBBC /* map_05.png in Resources */ = {isa = PBXBuildFile; fileRef = 2162093319A1F04C00DECBBC /* map_05.png */; };
		216A50DF199E032500E46DDE /* CDEJoystick.m in Sources */ = {isa = PBXBuildFile; fileRef = 216A50DE199E032500E46DDE /* CDEJoystick.m */; };
		2173345819642B47002B3F90 /* shaderModel.frag in Resources */ = {isa = PBXBuildFile; fileRef = 2173345619642B47002B3F90 /* shaderModel.frag */; };
		2173345919642B47002B3F90 /* shaderModel.vert in Resources */ = {isa = PBXBuildFile; fileRef = 2173345719642B47002B3F90 /* shaderModel.vert */; };
		2173345E19642B72002B3F90 /* gameobject.model.xml in Resources */ = {isa = PBXBuildFile; fileRef = 2173345A19642B72002B3F90 /* gameobject.model.xml */; };
		2173345F19642B72002B3F90 /* material.model.common.xml in Resources */ = {isa = PBXBuildFile; fileRef = 2173345B19642B72002B3F90 /* material.model.common.xml */; };
		2173346019642B72002B3F90 /* material.model.reflection.xml in Resources */ = {isa = PBXBuildFile; fileRef = 2173345C19642B72002B3F90 /* material.model.reflection.xml */; };
		2173346119642B72002B3F90 /* material.model.refraction.xml in Resources */ = {isa = PBXBuildFile; fileRef = 2173345D19642B72002B3F90 /* material.model.refraction.xml */; };
		2173347419643CB8002B3F90 /* model.diffuse.pvr in Resources */ = {isa = PBXBuildFile; fileRef = 2173347319643CB8002B3F90 /* model.diffuse.pvr */; };
		219A12EE1998B54100E674CB /* model.mdl_anim in Resources */ = {isa = PBXBuildFile; fileRef = 219A12DF1998B54100E674CB /* model.mdl_anim */; };
		219A12EF1998B54100E674CB /* model.mdl_mesh in Resources */ = {isa = PBXBuildFile; fileRef = 219A12E01998B54100E674CB /* model.mdl_mesh */; };
		219A12F01998B54100E674CB /* model.mdl_sk in Resources */ = {isa = PBXBuildFile; fileRef = 219A12E11998B54100E674CB /* model.mdl_sk */; };
		219A12F11998B54100E674CB /* tank_heavy_body.mdl_01 in Resources */ = {isa = PBXBuildFile; fileRef = 219A12E21998B54100E674CB /* tank_heavy_body.mdl_01 */; };
		219A12F21998B54100E674CB /* tank_heavy_left_track.mdl_01 in Resources */ = {isa = PBXBuildFile; fileRef = 219A12E31998B54100E674CB /* tank_heavy_left_track.mdl_01 */; };
		219A12F31998B54100E674CB /* tank_heavy_right_track.mdl_01 in Resources */ = {isa = PBXBuildFile; fileRef = 219A12E41998B54100E674CB /* tank_heavy_right_track.mdl_01 */; };
		219A12F41998B54100E674CB /* tank_heavy_tower.mdl_01 in Resources */ = {isa = PBXBuildFile; fileRef = 219A12E51998B54100E674CB /* tank_heavy_tower.mdl_01 */; };
		219A12F51998B54100E674CB /* tank_light_body.mdl_01 in Resources */ = {isa = PBXBuildFile; fileRef = 219A12E61998B54100E674CB /* tank_light_body.mdl_01 */; };
		219A12F61998B54100E674CB /* tank_light_left_track.mdl_01 in Resources */ = {isa = PBXBuildFile; fileRef = 219A12E71998B54100E674CB /* tank_light_left_track.mdl_01 */; };
		219A12F71998B54100E674CB /* tank_light_right_track.mdl_01 in Resources */ = {isa = PBXBuildFile; fileRef = 219A12E81998B54100E674CB /* tank_light_right_track.mdl_01 */; };
		219A12F81998B54100E674CB /* tank_light_tower.mdl_01 in Resources */ = {isa = PBXBuildFile; fileRef = 219A12E91998B54100E674CB /* tank_light_tower.mdl_01 */; };
		219A12F91998B54100E674CB /* tank_medium_body.mdl_01 in Resources */ = {isa = PBXBuildFile; fileRef = 219A12EA1998B54100E674CB /* tank_medium_body.mdl_01 */; };
		219A12FA1998B54100E674CB /* tank_medium_left_track.mdl_01 in Resources */ = {isa = PBXBuildFile; fileRef = 219A12EB1998B54100E674CB /* tank_medium_left_track.mdl_01 */; };
		219A12FB1998B54100E674CB /* tank_medium_right_track.mdl_01 in Resources */ = {isa = PBXBuildFile; fileRef = 219A12EC1998B54100E674CB /* tank_medium_right_track.mdl_01 */; };
		219A12FC1998B54100E674CB /* tank_medium_tower.mdl_01 in Resources */ = {isa = PBXBuildFile; fileRef = 219A12ED1998B54100E674CB /* tank_medium_tower.mdl_01 */; };
		219A130C1998B8E800E674CB /* gameobject.tank.heavy.body.xml in Resources */ = {isa = PBXBuildFile; fileRef = 219A12FD1998B8E800E674CB /* gameobject.tank.heavy.body.xml */; };
		219A130D1998B8E800E674CB /* gameobject.tank.heavy.left.track.xml in Resources */ = {isa = PBXBuildFile; fileRef = 219A12FE1998B8E800E674CB /* gameobject.tank.heavy.left.track.xml */; };
		219A130E1998B8E800E674CB /* gameobject.tank.heavy.right.track.xml in Resources */ = {isa = PBXBuildFile; fileRef = 219A12FF1998B8E800E674CB /* gameobject.tank.heavy.right.track.xml */; };
		219A130F1998B8E800E674CB /* gameobject.tank.heavy.tower.xml in Resources */ = {isa = PBXBuildFile; fileRef = 219A13001998B8E800E674CB /* gameobject.tank.heavy.tower.xml */; };
		219A13101998B8E800E674CB /* gameobject.tank.heavy.xml in Resources */ = {isa = PBXBuildFile; fileRef = 219A13011998B8E800E674CB /* gameobject.tank.heavy.xml */; };
		219A13111998B8E800E674CB /* gameobject.tank.light.body.xml in Resources */ = {isa = PBXBuildFile; fileRef = 219A13021998B8E800E674CB /* gameobject.tank.light.body.xml */; };
		219A13121998B8E800E674CB /* gameobject.tank.light.left.track.xml in Resources */ = {isa = PBXBuildFile; fileRef = 219A13031998B8E800E674CB /* gameobject.tank.light.left.track.xml */; };
		219A13131998B8E800E674CB /* gameobject.tank.light.right.track.xml in Resources */ = {isa = PBXBuildFile; fileRef = 219A13041998B8E800E674CB /* gameobject.tank.light.right.track.xml */; };
		219A13141998B8E800E674CB /* gameobject.tank.light.tower.xml in Resources */ = {isa = PBXBuildFile; fileRef = 219A13051998B8E800E674CB /* gameobject.tank.light.tower.xml */; };
		219A13151998B8E800E674CB /* gameobject.tank.light.xml in Resources */ = {isa = PBXBuildFile; fileRef = 219A13061998B8E800E674CB /* gameobject.tank.light.xml */; };
		219A13161998B8E800E674CB /* gameobject.tank.medium.body.xml in Resources */ = {isa = PBXBuildFile; fileRef = 219A13071998B8E800E674CB /* gameobject.tank.medium.body.xml */; };
		219A13171998B8E800E674CB /* gameobject.tank.medium.left.track.xml in Resources */ = {isa = PBXBuildFile; fileRef = 219A13081998B8E800E674CB /* gameobject.tank.medium.left.track.xml */; };
		219A13181998B8E800E674CB /* gameobject.tank.medium.right.track.xml in Resources */ = {isa = PBXBuildFile; fileRef = 219A13091998B8E800E674CB /* gameobject.tank.medium.right.track.xml */; };
		219A13191998B8E800E674CB /* gameobject.tank.medium.tower.xml in Resources */ = {isa = PBXBuildFile; fileRef = 219A130A1998B8E800E674CB /* gameobject.tank.medium.tower.xml */; };
		219A131A1998B8E800E674CB /* gameobject.tank.medium.xml in Resources */ = {isa = PBXBuildFile; fileRef = 219A130B1998B8E800E674CB /* gameobject.tank.medium.xml */; };
		219A13271998B8F800E674CB /* material.tank.heavy.body.common.xml in Resources */ = {isa = PBXBuildFile; fileRef = 219A131B1998B8F800E674CB /* material.tank.heavy.body.common.xml */; };
		219A13281998B8F800E674CB /* material.tank.heavy.left.track.common.xml in Resources */ = {isa = PBXBuildFile; fileRef = 219A131C1998B8F800E674CB /* material.tank.heavy.left.track.common.xml */; };
		219A13291998B8F800E674CB /* material.tank.heavy.right.track.common.xml in Resources */ = {isa = PBXBuildFile; fileRef = 219A131D1998B8F800E674CB /* material.tank.heavy.right.track.common.xml */; };
		219A132A1998B8F800E674CB /* material.tank.heavy.tower.common.xml in Resources */ = {isa = PBXBuildFile; fileRef = 219A131E1998B8F800E674CB /* material.tank.heavy.tower.common.xml */; };
		219A132B1998B8F800E674CB /* material.tank.light.body.common.xml in Resources */ = {isa = PBXBuildFile; fileRef = 219A131F1998B8F800E674CB /* material.tank.light.body.common.xml */; };
		219A132C1998B8F800E674CB /* material.tank.light.left.track.common.xml in Resources */ = {isa = PBXBuildFile; fileRef = 219A13201998B8F800E674CB /* material.tank.light.left.track.common.xml */; };
		219A132D1998B8F800E674CB /* material.tank.light.right.track.common.xml in Resources */ = {isa = PBXBuildFile; fileRef = 219A13211998B8F800E674CB /* material.tank.light.right.track.common.xml */; };
		219A132E1998B8F800E674CB /* material.tank.light.tower.common.xml in Resources */ = {isa = PBXBuildFile; fileRef = 219A13221998B8F800E674CB /* material.tank.light.tower.common.xml */; };
		219A132F1998B8F800E674CB /* material.tank.medium.body.common.xml in Resources */ = {isa = PBXBuildFile; fileRef = 219A13231998B8F800E674CB /* material.tank.medium.body.common.xml */; };
		219A13301998B8F800E674CB /* material.tank.medium.left.track.common.xml in Resources */ = {isa = PBXBuildFile; fileRef = 219A13241998B8F800E674CB /* material.tank.medium.left.track.common.xml */; };
		219A13311998B8F800E674CB /* material.tank.medium.right.track.common.xml in Resources */ = {isa = PBXBuildFile; fileRef = 219A13251998B8F800E674CB /* material.tank.medium.right.track.common.xml */; };
		219A13321998B8F800E674CB /* material.tank.medium.tower.common.xml in Resources */ = {isa = PBXBuildFile; fileRef = 219A13261998B8F800E674CB /* material.tank.medium.tower.common.xml */; };
		219A13371998BBA000E674CB /* tank_heavy.pvr in Resources */ = {isa = PBXBuildFile; fileRef = 219A13331998BBA000E674CB /* tank_heavy.pvr */; };
		219A13381998BBA000E674CB /* tank_light.pvr in Resources */ = {isa = PBXBuildFile; fileRef = 219A13341998BBA000E674CB /* tank_light.pvr */; };
		219A13391998BBA000E674CB /* tank_medium.pvr in Resources */ = {isa = PBXBuildFile; fileRef = 219A13351998BBA000E674CB /* tank_medium.pvr */; };
		219A133A1998BBA000E674CB /* tank_track.pvr in Resources */ = {isa = PBXBuildFile; fileRef = 219A13361998BBA000E674CB /* tank_track.pvr */; };
		219A1374199A0A2600E674CB /* ICharacterController.cpp in Sources */ = {isa = PBXBuildFile; fileRef = 219A1372199A0A2600E674CB /* ICharacterController.cpp */; };
		219A1377199A0A5600E674CB /* CGameObjectNavigator.cpp in Sources */ = {isa = PBXBuildFile; fileRef = 219A1375199A0A5600E674CB /* CGameObjectNavigator.cpp */; };
		219A13A1199A613D00E674CB /* CDEUIToSceneCommands.cpp in Sources */ = {isa = PBXBuildFile; fileRef = 219A139F199A613D00E674CB /* CDEUIToSceneCommands.cpp */; };
		219A13A4199A616200E674CB /* CDESceneToUICommands.cpp in Sources */ = {isa = PBXBuildFile; fileRef = 219A13A2199A616200E674CB /* CDESceneToUICommands.cpp */; };
		21B08D7C1920CA2000C5D5CC /* CMapDragController.cpp in Sources */ = {isa = PBXBuildFile; fileRef = 21B08D7A1920CA2000C5D5CC /* CMapDragController.cpp */; };
		21B08DB91920CCF600C5D5CC /* shaderParticleEmitter.frag in Resources */ = {isa = PBXBuildFile; fileRef = 21B08DAD1920CCF600C5D5CC /* shaderParticleEmitter.frag */; };
		21B08DBA1920CCF600C5D5CC /* shaderParticleEmitter.vert in Resources */ = {isa = PBXBuildFile; fileRef = 21B08DAE1920CCF600C5D5CC /* shaderParticleEmitter.vert */; };
		21B08DBB1920CCF600C5D5CC /* shaderScreenQuad.frag in Resources */ = {isa = PBXBuildFile; fileRef = 21B08DAF1920CCF600C5D5CC /* shaderScreenQuad.frag */; };
		21B08DBC1920CCF600C5D5CC /* shaderScreenQuad.vert in Resources */ = {isa = PBXBuildFile; fileRef = 21B08DB01920CCF600C5D5CC /* shaderScreenQuad.vert */; };
		21B08DCB1920CD0900C5D5CC /* landscape.01.diffuse.pvr in Resources */ = {isa = PBXBuildFile; fileRef = 21B08DBF1920CD0900C5D5CC /* landscape.01.diffuse.pvr */; };
		21B08DCC1920CD0900C5D5CC /* landscape.02.diffuse.pvr in Resources */ = {isa = PBXBuildFile; fileRef = 21B08DC01920CD0900C5D5CC /* landscape.02.diffuse.pvr */; };
		21B08DCD1920CD0900C5D5CC /* landscape.03.diffuse.pvr in Resources */ = {isa = PBXBuildFile; fileRef = 21B08DC11920CD0900C5D5CC /* landscape.03.diffuse.pvr */; };
		21B08DCE1920CD0900C5D5CC /* ocean.normal.pvr in Resources */ = {isa = PBXBuildFile; fileRef = 21B08DC21920CD0900C5D5CC /* ocean.normal.pvr */; };
		21B08DCF1920CD0900C5D5CC /* particle.emitter.01.pvr in Resources */ = {isa = PBXBuildFile; fileRef = 21B08DC31920CD0900C5D5CC /* particle.emitter.01.pvr */; };
		21B08DD01920CD0900C5D5CC /* particle.emitter.02.pvr in Resources */ = {isa = PBXBuildFile; fileRef = 21B08DC41920CD0900C5D5CC /* particle.emitter.02.pvr */; };
		21B08DD11920CD0900C5D5CC /* xneg.pvr in Resources */ = {isa = PBXBuildFile; fileRef = 21B08DC51920CD0900C5D5CC /* xneg.pvr */; };
		21B08DD21920CD0900C5D5CC /* xpos.pvr in Resources */ = {isa = PBXBuildFile; fileRef = 21B08DC61920CD0900C5D5CC /* xpos.pvr */; };
		21B08DD31920CD0900C5D5CC /* yneg.pvr in Resources */ = {isa = PBXBuildFile; fileRef = 21B08DC71920CD0900C5D5CC /* yneg.pvr */; };
		21B08DD41920CD0900C5D5CC /* ypos.pvr in Resources */ = {isa = PBXBuildFile; fileRef = 21B08DC81920CD0900C5D5CC /* ypos.pvr */; };
		21B08DD51920CD0900C5D5CC /* zneg.pvr in Resources */ = {isa = PBXBuildFile; fileRef = 21B08DC91920CD0900C5D5CC /* zneg.pvr */; };
		21B08DD61920CD0900C5D5CC /* zpos.pvr in Resources */ = {isa = PBXBuildFile; fileRef = 21B08DCA1920CD0900C5D5CC /* zpos.pvr */; };
		21B08E221922527400C5D5CC /* material.landscape.base.xml in Resources */ = {isa = PBXBuildFile; fileRef = 21B08E0F1922527400C5D5CC /* material.landscape.base.xml */; };
		21B08E231922527400C5D5CC /* material.landscape.edges.base.xml in Resources */ = {isa = PBXBuildFile; fileRef = 21B08E101922527400C5D5CC /* material.landscape.edges.base.xml */; };
		21B08E241922527400C5D5CC /* material.landscape.edges.reflection.xml in Resources */ = {isa = PBXBuildFile; fileRef = 21B08E111922527400C5D5CC /* material.landscape.edges.reflection.xml */; };
		21B08E251922527400C5D5CC /* material.landscape.edges.refraction.xml in Resources */ = {isa = PBXBuildFile; fileRef = 21B08E121922527400C5D5CC /* material.landscape.edges.refraction.xml */; };
		21B08E261922527400C5D5CC /* material.landscape.reflection.xml in Resources */ = {isa = PBXBuildFile; fileRef = 21B08E131922527400C5D5CC /* material.landscape.reflection.xml */; };
		21B08E271922527400C5D5CC /* material.landscape.refraction.xml in Resources */ = {isa = PBXBuildFile; fileRef = 21B08E141922527400C5D5CC /* material.landscape.refraction.xml */; };
		21B08E281922527400C5D5CC /* material.ocean.xml in Resources */ = {isa = PBXBuildFile; fileRef = 21B08E151922527400C5D5CC /* material.ocean.xml */; };
		21B08E291922527400C5D5CC /* material.output.xml in Resources */ = {isa = PBXBuildFile; fileRef = 21B08E161922527400C5D5CC /* material.output.xml */; };
		21B08E2A1922527400C5D5CC /* material.particle.emitter.xml in Resources */ = {isa = PBXBuildFile; fileRef = 21B08E171922527400C5D5CC /* material.particle.emitter.xml */; };
		21B08E2B1922527400C5D5CC /* material.skybox.base.xml in Resources */ = {isa = PBXBuildFile; fileRef = 21B08E181922527400C5D5CC /* material.skybox.base.xml */; };
		21B08E2C1922527400C5D5CC /* material.skybox.reflection.xml in Resources */ = {isa = PBXBuildFile; fileRef = 21B08E191922527400C5D5CC /* material.skybox.reflection.xml */; };
		21B08E2D1922527400C5D5CC /* material.skybox.refraction.xml in Resources */ = {isa = PBXBuildFile; fileRef = 21B08E1A1922527400C5D5CC /* material.skybox.refraction.xml */; };
		21B08E2E1922527400C5D5CC /* material.splatting.diffuse.xml in Resources */ = {isa = PBXBuildFile; fileRef = 21B08E1B1922527400C5D5CC /* material.splatting.diffuse.xml */; };
		21B08E2F1922527400C5D5CC /* material.splatting.normal.xml in Resources */ = {isa = PBXBuildFile; fileRef = 21B08E1C1922527400C5D5CC /* material.splatting.normal.xml */; };
		21B08E301922527400C5D5CC /* render.operation.output.xml in Resources */ = {isa = PBXBuildFile; fileRef = 21B08E1D1922527400C5D5CC /* render.operation.output.xml */; };
		21B08E311922527400C5D5CC /* render.operation.world.base.xml in Resources */ = {isa = PBXBuildFile; fileRef = 21B08E1E1922527400C5D5CC /* render.operation.world.base.xml */; };
		21B08E321922527400C5D5CC /* render.operation.world.reflection.xml in Resources */ = {isa = PBXBuildFile; fileRef = 21B08E1F1922527400C5D5CC /* render.operation.world.reflection.xml */; };
		21B08E331922527400C5D5CC /* render.operation.world.refraction.xml in Resources */ = {isa = PBXBuildFile; fileRef = 21B08E201922527400C5D5CC /* render.operation.world.refraction.xml */; };
		21B08E341922527400C5D5CC /* transition.main.xml in Resources */ = {isa = PBXBuildFile; fileRef = 21B08E211922527400C5D5CC /* transition.main.xml */; };
		21B08E3B192252E400C5D5CC /* shaderLandscape.frag in Resources */ = {isa = PBXBuildFile; fileRef = 21B08E35192252E400C5D5CC /* shaderLandscape.frag */; };
		21B08E3C192252E400C5D5CC /* shaderLandscape.vert in Resources */ = {isa = PBXBuildFile; fileRef = 21B08E36192252E400C5D5CC /* shaderLandscape.vert */; };
		21B08E3D192252E400C5D5CC /* shaderLandscapeSplatting.frag in Resources */ = {isa = PBXBuildFile; fileRef = 21B08E37192252E400C5D5CC /* shaderLandscapeSplatting.frag */; };
		21B08E3E192252E400C5D5CC /* shaderLandscapeSplatting.vert in Resources */ = {isa = PBXBuildFile; fileRef = 21B08E38192252E400C5D5CC /* shaderLandscapeSplatting.vert */; };
		21B08E3F192252E400C5D5CC /* shaderOcean.frag in Resources */ = {isa = PBXBuildFile; fileRef = 21B08E39192252E400C5D5CC /* shaderOcean.frag */; };
		21B08E40192252E400C5D5CC /* shaderOcean.vert in Resources */ = {isa = PBXBuildFile; fileRef = 21B08E3A192252E400C5D5CC /* shaderOcean.vert */; };
		21B08E46192252FF00C5D5CC /* gameobject.ocean.xml in Resources */ = {isa = PBXBuildFile; fileRef = 21B08E42192252FF00C5D5CC /* gameobject.ocean.xml */; };
		21B08E47192252FF00C5D5CC /* gameobject.particle.emitter.xml in Resources */ = {isa = PBXBuildFile; fileRef = 21B08E43192252FF00C5D5CC /* gameobject.particle.emitter.xml */; };
		21B08E48192252FF00C5D5CC /* gameobject.skybox.xml in Resources */ = {isa = PBXBuildFile; fileRef = 21B08E44192252FF00C5D5CC /* gameobject.skybox.xml */; };
		21B08E4B1922531700C5D5CC /* shaderSkyBox.frag in Resources */ = {isa = PBXBuildFile; fileRef = 21B08E491922531700C5D5CC /* shaderSkyBox.frag */; };
		21B08E4C1922531700C5D5CC /* shaderSkyBox.vert in Resources */ = {isa = PBXBuildFile; fileRef = 21B08E4A1922531700C5D5CC /* shaderSkyBox.vert */; };
		21B08E561923956200C5D5CC /* gameobject.landscape.xml in Resources */ = {isa = PBXBuildFile; fileRef = 21B08E41192252FF00C5D5CC /* gameobject.landscape.xml */; };
		21B08E5A1923AE0300C5D5CC /* landscape.01.normal.pvr in Resources */ = {isa = PBXBuildFile; fileRef = 21B08E591923AE0300C5D5CC /* landscape.01.normal.pvr */; };
		21D070C5181D9D460019D264 /* Foundation.framework in Frameworks */ = {isa = PBXBuildFile; fileRef = 21D070C4181D9D460019D264 /* Foundation.framework */; };
		21D070C7181D9D460019D264 /* CoreGraphics.framework in Frameworks */ = {isa = PBXBuildFile; fileRef = 21D070C6181D9D460019D264 /* CoreGraphics.framework */; };
		21D070C9181D9D460019D264 /* UIKit.framework in Frameworks */ = {isa = PBXBuildFile; fileRef = 21D070C8181D9D460019D264 /* UIKit.framework */; };
		21D07250181DAEA00019D264 /* QuartzCore.framework in Frameworks */ = {isa = PBXBuildFile; fileRef = 21D0724F181DAEA00019D264 /* QuartzCore.framework */; };
		21D07252181DAEA60019D264 /* OpenGLES.framework in Frameworks */ = {isa = PBXBuildFile; fileRef = 21D07251181DAEA60019D264 /* OpenGLES.framework */; };
		21D0726C181DB1910019D264 /* AppDelegate.mm in Sources */ = {isa = PBXBuildFile; fileRef = 21D07255181DB1910019D264 /* AppDelegate.mm */; };
		21D0726F181DB1910019D264 /* CGameViewController.mm in Sources */ = {isa = PBXBuildFile; fileRef = 21D0725B181DB1910019D264 /* CGameViewController.mm */; };
		21D07271181DB1910019D264 /* CDemoGameScene.cpp in Sources */ = {isa = PBXBuildFile; fileRef = 21D0725D181DB1910019D264 /* CDemoGameScene.cpp */; };
		21D07272181DB1910019D264 /* CDemoGameTransition.cpp in Sources */ = {isa = PBXBuildFile; fileRef = 21D0725F181DB1910019D264 /* CDemoGameTransition.cpp */; };
		21D07273181DB1910019D264 /* CDemoGameController.cpp in Sources */ = {isa = PBXBuildFile; fileRef = 21D07261181DB1910019D264 /* CDemoGameController.cpp */; };
		21D07277181DB1910019D264 /* main.mm in Sources */ = {isa = PBXBuildFile; fileRef = 21D0726A181DB1910019D264 /* main.mm */; };
		21DC2B391924D282008DA3C1 /* shaderLandscapeEdges.frag in Resources */ = {isa = PBXBuildFile; fileRef = 21DC2B371924D282008DA3C1 /* shaderLandscapeEdges.frag */; };
		21DC2B3A1924D282008DA3C1 /* shaderLandscapeEdges.vert in Resources */ = {isa = PBXBuildFile; fileRef = 21DC2B381924D282008DA3C1 /* shaderLandscapeEdges.vert */; };
		21DC2BB3192CD3D0008DA3C1 /* landscape.00.diffuse.pvr in Resources */ = {isa = PBXBuildFile; fileRef = 21DC2BB2192CD3D0008DA3C1 /* landscape.00.diffuse.pvr */; };
		21FCC8F9199FA65C00F2CA1E /* libie3DCore-ios.a in Frameworks */ = {isa = PBXBuildFile; fileRef = 2132678E1906AA26001C98F7 /* libie3DCore-ios.a */; };
		21FCC907199FA6A300F2CA1E /* libie3DEngine-ios.a in Frameworks */ = {isa = PBXBuildFile; fileRef = 21FCC902199FA69200F2CA1E /* libie3DEngine-ios.a */; settings = {ATTRIBUTES = (Required, ); }; };
/* End PBXBuildFile section */

/* Begin PBXContainerItemProxy section */
		2132678D1906AA26001C98F7 /* PBXContainerItemProxy */ = {
			isa = PBXContainerItemProxy;
			containerPortal = 213267881906AA25001C98F7 /* ie3D-Core.xcodeproj */;
			proxyType = 2;
			remoteGlobalIDString = 21D0712A181DA5620019D264;
			remoteInfo = "ie3DCore-ios";
		};
		2132678F1906AA26001C98F7 /* PBXContainerItemProxy */ = {
			isa = PBXContainerItemProxy;
			containerPortal = 213267881906AA25001C98F7 /* ie3D-Core.xcodeproj */;
			proxyType = 2;
			remoteGlobalIDString = 21853415181EFC6200315CBB;
			remoteInfo = "ie3DCore-osx";
		};
		21FCC8F7199FA65100F2CA1E /* PBXContainerItemProxy */ = {
			isa = PBXContainerItemProxy;
			containerPortal = 213267881906AA25001C98F7 /* ie3D-Core.xcodeproj */;
			proxyType = 1;
			remoteGlobalIDString = 21D07129181DA5620019D264;
			remoteInfo = "ie3DCore-ios";
		};
		21FCC901199FA69200F2CA1E /* PBXContainerItemProxy */ = {
			isa = PBXContainerItemProxy;
			containerPortal = 21FCC8FB199FA69200F2CA1E /* ie3D-Engine.xcodeproj */;
			proxyType = 2;
			remoteGlobalIDString = 21F114D0199224FF00F4A378;
			remoteInfo = "ie3DEngine-ios";
		};
		21FCC903199FA69200F2CA1E /* PBXContainerItemProxy */ = {
			isa = PBXContainerItemProxy;
			containerPortal = 21FCC8FB199FA69200F2CA1E /* ie3D-Engine.xcodeproj */;
			proxyType = 2;
			remoteGlobalIDString = 21F1150E199225C500F4A378;
			remoteInfo = "ie3DEngine-osx";
		};
		21FCC905199FA69C00F2CA1E /* PBXContainerItemProxy */ = {
			isa = PBXContainerItemProxy;
			containerPortal = 21FCC8FB199FA69200F2CA1E /* ie3D-Engine.xcodeproj */;
			proxyType = 1;
			remoteGlobalIDString = 21F114CF199224FF00F4A378;
			remoteInfo = "ie3DEngine-ios";
		};
/* End PBXContainerItemProxy section */

/* Begin PBXFileReference section */
		211384EC194300DE0041A18A /* Images.xcassets */ = {isa = PBXFileReference; lastKnownFileType = folder.assetcatalog; name = Images.xcassets; path = "ie3D-Demo/Images.xcassets"; sourceTree = SOURCE_ROOT; };
		2132664F1906A84D001C98F7 /* ie3D-Demo.plist */ = {isa = PBXFileReference; fileEncoding = 4; lastKnownFileType = text.plist.xml; name = "ie3D-Demo.plist"; path = "Support/ie3D-Demo.plist"; sourceTree = SOURCE_ROOT; };
		213267881906AA25001C98F7 /* ie3D-Core.xcodeproj */ = {isa = PBXFileReference; lastKnownFileType = "wrapper.pb-project"; name = "ie3D-Core.xcodeproj"; path = "../ie3D-Core/ie3D-Core.xcodeproj"; sourceTree = "<group>"; };
		216204381949AEFF00D129AD /* material.render.operation.screen.ssao.xml */ = {isa = PBXFileReference; fileEncoding = 4; lastKnownFileType = text.xml; name = material.render.operation.screen.ssao.xml; path = "../ie3D-Bundle/Configurations/material.render.operation.screen.ssao.xml"; sourceTree = SOURCE_ROOT; };
		216204391949AEFF00D129AD /* render.operation.screen.ssao.xml */ = {isa = PBXFileReference; fileEncoding = 4; lastKnownFileType = text.xml; name = render.operation.screen.ssao.xml; path = "../ie3D-Bundle/Configurations/render.operation.screen.ssao.xml"; sourceTree = SOURCE_ROOT; };
		2162043D1949AF2300D129AD /* shaderScreenSSAO.frag */ = {isa = PBXFileReference; fileEncoding = 4; lastKnownFileType = sourcecode.glsl; name = shaderScreenSSAO.frag; path = "../ie3D-Bundle/Shaders/shaderScreenSSAO.frag"; sourceTree = SOURCE_ROOT; };
		2162043E1949AF2300D129AD /* shaderScreenSSAO.vert */ = {isa = PBXFileReference; fileEncoding = 4; lastKnownFileType = sourcecode.glsl; name = shaderScreenSSAO.vert; path = "../ie3D-Bundle/Shaders/shaderScreenSSAO.vert"; sourceTree = SOURCE_ROOT; };
		216204411949D7DC00D129AD /* ssao.random.pvr */ = {isa = PBXFileReference; lastKnownFileType = file; name = ssao.random.pvr; path = "../ie3D-Bundle/Textures/ssao.random.pvr"; sourceTree = SOURCE_ROOT; };
		2162045A194AFC0900D129AD /* material.landscape.normal.xml */ = {isa = PBXFileReference; fileEncoding = 4; lastKnownFileType = text.xml; name = material.landscape.normal.xml; path = "../ie3D-Bundle/Configurations/material.landscape.normal.xml"; sourceTree = SOURCE_ROOT; };
		2162045B194AFC0900D129AD /* render.operation.world.normal.xml */ = {isa = PBXFileReference; fileEncoding = 4; lastKnownFileType = text.xml; name = render.operation.world.normal.xml; path = "../ie3D-Bundle/Configurations/render.operation.world.normal.xml"; sourceTree = SOURCE_ROOT; };
		2162045E194AFC3900D129AD /* shaderGameObjectNormal.frag */ = {isa = PBXFileReference; fileEncoding = 4; lastKnownFileType = sourcecode.glsl; name = shaderGameObjectNormal.frag; path = "../ie3D-Bundle/Shaders/shaderGameObjectNormal.frag"; sourceTree = SOURCE_ROOT; };
		2162045F194AFC3900D129AD /* shaderGameObjectNormal.vert */ = {isa = PBXFileReference; fileEncoding = 4; lastKnownFileType = sourcecode.glsl; name = shaderGameObjectNormal.vert; path = "../ie3D-Bundle/Shaders/shaderGameObjectNormal.vert"; sourceTree = SOURCE_ROOT; };
		21620462194AFF4C00D129AD /* material.ocean.normal.xml */ = {isa = PBXFileReference; fileEncoding = 4; lastKnownFileType = text.xml; name = material.ocean.normal.xml; path = "../ie3D-Bundle/Configurations/material.ocean.normal.xml"; sourceTree = SOURCE_ROOT; };
		2162092F19A1F04C00DECBBC /* map_01.png */ = {isa = PBXFileReference; lastKnownFileType = image.png; name = map_01.png; path = "../ie3D-Bundle/Temp/map_01.png"; sourceTree = SOURCE_ROOT; };
		2162093019A1F04C00DECBBC /* map_02.png */ = {isa = PBXFileReference; lastKnownFileType = image.png; name = map_02.png; path = "../ie3D-Bundle/Temp/map_02.png"; sourceTree = SOURCE_ROOT; };
		2162093119A1F04C00DECBBC /* map_03.png */ = {isa = PBXFileReference; lastKnownFileType = image.png; name = map_03.png; path = "../ie3D-Bundle/Temp/map_03.png"; sourceTree = SOURCE_ROOT; };
		2162093219A1F04C00DECBBC /* map_04.png */ = {isa = PBXFileReference; lastKnownFileType = image.png; name = map_04.png; path = "../ie3D-Bundle/Temp/map_04.png"; sourceTree = SOURCE_ROOT; };
		2162093319A1F04C00DECBBC /* map_05.png */ = {isa = PBXFileReference; lastKnownFileType = image.png; name = map_05.png; path = "../ie3D-Bundle/Temp/map_05.png"; sourceTree = SOURCE_ROOT; };
		216A50DD199E032500E46DDE /* CDEJoystick.h */ = {isa = PBXFileReference; fileEncoding = 4; lastKnownFileType = sourcecode.c.h; name = CDEJoystick.h; path = Sources/CDEJoystick.h; sourceTree = SOURCE_ROOT; };
		216A50DE199E032500E46DDE /* CDEJoystick.m */ = {isa = PBXFileReference; fileEncoding = 4; lastKnownFileType = sourcecode.c.objc; name = CDEJoystick.m; path = Sources/CDEJoystick.m; sourceTree = SOURCE_ROOT; };
		2173345619642B47002B3F90 /* shaderModel.frag */ = {isa = PBXFileReference; fileEncoding = 4; lastKnownFileType = sourcecode.glsl; name = shaderModel.frag; path = "../ie3D-Bundle/Shaders/shaderModel.frag"; sourceTree = SOURCE_ROOT; };
		2173345719642B47002B3F90 /* shaderModel.vert */ = {isa = PBXFileReference; fileEncoding = 4; lastKnownFileType = sourcecode.glsl; name = shaderModel.vert; path = "../ie3D-Bundle/Shaders/shaderModel.vert"; sourceTree = SOURCE_ROOT; };
		2173345A19642B72002B3F90 /* gameobject.model.xml */ = {isa = PBXFileReference; fileEncoding = 4; lastKnownFileType = text.xml; name = gameobject.model.xml; path = "../ie3D-Bundle/Configurations/gameobject.model.xml"; sourceTree = SOURCE_ROOT; };
		2173345B19642B72002B3F90 /* material.model.common.xml */ = {isa = PBXFileReference; fileEncoding = 4; lastKnownFileType = text.xml; name = material.model.common.xml; path = "../ie3D-Bundle/Configurations/material.model.common.xml"; sourceTree = SOURCE_ROOT; };
		2173345C19642B72002B3F90 /* material.model.reflection.xml */ = {isa = PBXFileReference; fileEncoding = 4; lastKnownFileType = text.xml; name = material.model.reflection.xml; path = "../ie3D-Bundle/Configurations/material.model.reflection.xml"; sourceTree = SOURCE_ROOT; };
		2173345D19642B72002B3F90 /* material.model.refraction.xml */ = {isa = PBXFileReference; fileEncoding = 4; lastKnownFileType = text.xml; name = material.model.refraction.xml; path = "../ie3D-Bundle/Configurations/material.model.refraction.xml"; sourceTree = SOURCE_ROOT; };
		2173347319643CB8002B3F90 /* model.diffuse.pvr */ = {isa = PBXFileReference; lastKnownFileType = file; name = model.diffuse.pvr; path = "../ie3D-Bundle/Textures/model.diffuse.pvr"; sourceTree = SOURCE_ROOT; };
		219A12DF1998B54100E674CB /* model.mdl_anim */ = {isa = PBXFileReference; lastKnownFileType = file; name = model.mdl_anim; path = "../ie3D-Bundle/Meshes/model.mdl_anim"; sourceTree = SOURCE_ROOT; };
		219A12E01998B54100E674CB /* model.mdl_mesh */ = {isa = PBXFileReference; lastKnownFileType = file; name = model.mdl_mesh; path = "../ie3D-Bundle/Meshes/model.mdl_mesh"; sourceTree = SOURCE_ROOT; };
		219A12E11998B54100E674CB /* model.mdl_sk */ = {isa = PBXFileReference; lastKnownFileType = file; name = model.mdl_sk; path = "../ie3D-Bundle/Meshes/model.mdl_sk"; sourceTree = SOURCE_ROOT; };
		219A12E21998B54100E674CB /* tank_heavy_body.mdl_01 */ = {isa = PBXFileReference; lastKnownFileType = file; name = tank_heavy_body.mdl_01; path = "../ie3D-Bundle/Meshes/tank_heavy_body.mdl_01"; sourceTree = SOURCE_ROOT; };
		219A12E31998B54100E674CB /* tank_heavy_left_track.mdl_01 */ = {isa = PBXFileReference; lastKnownFileType = file; name = tank_heavy_left_track.mdl_01; path = "../ie3D-Bundle/Meshes/tank_heavy_left_track.mdl_01"; sourceTree = SOURCE_ROOT; };
		219A12E41998B54100E674CB /* tank_heavy_right_track.mdl_01 */ = {isa = PBXFileReference; lastKnownFileType = file; name = tank_heavy_right_track.mdl_01; path = "../ie3D-Bundle/Meshes/tank_heavy_right_track.mdl_01"; sourceTree = SOURCE_ROOT; };
		219A12E51998B54100E674CB /* tank_heavy_tower.mdl_01 */ = {isa = PBXFileReference; lastKnownFileType = file; name = tank_heavy_tower.mdl_01; path = "../ie3D-Bundle/Meshes/tank_heavy_tower.mdl_01"; sourceTree = SOURCE_ROOT; };
		219A12E61998B54100E674CB /* tank_light_body.mdl_01 */ = {isa = PBXFileReference; lastKnownFileType = file; name = tank_light_body.mdl_01; path = "../ie3D-Bundle/Meshes/tank_light_body.mdl_01"; sourceTree = SOURCE_ROOT; };
		219A12E71998B54100E674CB /* tank_light_left_track.mdl_01 */ = {isa = PBXFileReference; lastKnownFileType = file; name = tank_light_left_track.mdl_01; path = "../ie3D-Bundle/Meshes/tank_light_left_track.mdl_01"; sourceTree = SOURCE_ROOT; };
		219A12E81998B54100E674CB /* tank_light_right_track.mdl_01 */ = {isa = PBXFileReference; lastKnownFileType = file; name = tank_light_right_track.mdl_01; path = "../ie3D-Bundle/Meshes/tank_light_right_track.mdl_01"; sourceTree = SOURCE_ROOT; };
		219A12E91998B54100E674CB /* tank_light_tower.mdl_01 */ = {isa = PBXFileReference; lastKnownFileType = file; name = tank_light_tower.mdl_01; path = "../ie3D-Bundle/Meshes/tank_light_tower.mdl_01"; sourceTree = SOURCE_ROOT; };
		219A12EA1998B54100E674CB /* tank_medium_body.mdl_01 */ = {isa = PBXFileReference; lastKnownFileType = file; name = tank_medium_body.mdl_01; path = "../ie3D-Bundle/Meshes/tank_medium_body.mdl_01"; sourceTree = SOURCE_ROOT; };
		219A12EB1998B54100E674CB /* tank_medium_left_track.mdl_01 */ = {isa = PBXFileReference; lastKnownFileType = file; name = tank_medium_left_track.mdl_01; path = "../ie3D-Bundle/Meshes/tank_medium_left_track.mdl_01"; sourceTree = SOURCE_ROOT; };
		219A12EC1998B54100E674CB /* tank_medium_right_track.mdl_01 */ = {isa = PBXFileReference; lastKnownFileType = file; name = tank_medium_right_track.mdl_01; path = "../ie3D-Bundle/Meshes/tank_medium_right_track.mdl_01"; sourceTree = SOURCE_ROOT; };
		219A12ED1998B54100E674CB /* tank_medium_tower.mdl_01 */ = {isa = PBXFileReference; lastKnownFileType = file; name = tank_medium_tower.mdl_01; path = "../ie3D-Bundle/Meshes/tank_medium_tower.mdl_01"; sourceTree = SOURCE_ROOT; };
		219A12FD1998B8E800E674CB /* gameobject.tank.heavy.body.xml */ = {isa = PBXFileReference; fileEncoding = 4; lastKnownFileType = text.xml; name = gameobject.tank.heavy.body.xml; path = "../ie3D-Bundle/Configurations/gameobject.tank.heavy.body.xml"; sourceTree = SOURCE_ROOT; };
		219A12FE1998B8E800E674CB /* gameobject.tank.heavy.left.track.xml */ = {isa = PBXFileReference; fileEncoding = 4; lastKnownFileType = text.xml; name = gameobject.tank.heavy.left.track.xml; path = "../ie3D-Bundle/Configurations/gameobject.tank.heavy.left.track.xml"; sourceTree = SOURCE_ROOT; };
		219A12FF1998B8E800E674CB /* gameobject.tank.heavy.right.track.xml */ = {isa = PBXFileReference; fileEncoding = 4; lastKnownFileType = text.xml; name = gameobject.tank.heavy.right.track.xml; path = "../ie3D-Bundle/Configurations/gameobject.tank.heavy.right.track.xml"; sourceTree = SOURCE_ROOT; };
		219A13001998B8E800E674CB /* gameobject.tank.heavy.tower.xml */ = {isa = PBXFileReference; fileEncoding = 4; lastKnownFileType = text.xml; name = gameobject.tank.heavy.tower.xml; path = "../ie3D-Bundle/Configurations/gameobject.tank.heavy.tower.xml"; sourceTree = SOURCE_ROOT; };
		219A13011998B8E800E674CB /* gameobject.tank.heavy.xml */ = {isa = PBXFileReference; fileEncoding = 4; lastKnownFileType = text.xml; name = gameobject.tank.heavy.xml; path = "../ie3D-Bundle/Configurations/gameobject.tank.heavy.xml"; sourceTree = SOURCE_ROOT; };
		219A13021998B8E800E674CB /* gameobject.tank.light.body.xml */ = {isa = PBXFileReference; fileEncoding = 4; lastKnownFileType = text.xml; name = gameobject.tank.light.body.xml; path = "../ie3D-Bundle/Configurations/gameobject.tank.light.body.xml"; sourceTree = SOURCE_ROOT; };
		219A13031998B8E800E674CB /* gameobject.tank.light.left.track.xml */ = {isa = PBXFileReference; fileEncoding = 4; lastKnownFileType = text.xml; name = gameobject.tank.light.left.track.xml; path = "../ie3D-Bundle/Configurations/gameobject.tank.light.left.track.xml"; sourceTree = SOURCE_ROOT; };
		219A13041998B8E800E674CB /* gameobject.tank.light.right.track.xml */ = {isa = PBXFileReference; fileEncoding = 4; lastKnownFileType = text.xml; name = gameobject.tank.light.right.track.xml; path = "../ie3D-Bundle/Configurations/gameobject.tank.light.right.track.xml"; sourceTree = SOURCE_ROOT; };
		219A13051998B8E800E674CB /* gameobject.tank.light.tower.xml */ = {isa = PBXFileReference; fileEncoding = 4; lastKnownFileType = text.xml; name = gameobject.tank.light.tower.xml; path = "../ie3D-Bundle/Configurations/gameobject.tank.light.tower.xml"; sourceTree = SOURCE_ROOT; };
		219A13061998B8E800E674CB /* gameobject.tank.light.xml */ = {isa = PBXFileReference; fileEncoding = 4; lastKnownFileType = text.xml; name = gameobject.tank.light.xml; path = "../ie3D-Bundle/Configurations/gameobject.tank.light.xml"; sourceTree = SOURCE_ROOT; };
		219A13071998B8E800E674CB /* gameobject.tank.medium.body.xml */ = {isa = PBXFileReference; fileEncoding = 4; lastKnownFileType = text.xml; name = gameobject.tank.medium.body.xml; path = "../ie3D-Bundle/Configurations/gameobject.tank.medium.body.xml"; sourceTree = SOURCE_ROOT; };
		219A13081998B8E800E674CB /* gameobject.tank.medium.left.track.xml */ = {isa = PBXFileReference; fileEncoding = 4; lastKnownFileType = text.xml; name = gameobject.tank.medium.left.track.xml; path = "../ie3D-Bundle/Configurations/gameobject.tank.medium.left.track.xml"; sourceTree = SOURCE_ROOT; };
		219A13091998B8E800E674CB /* gameobject.tank.medium.right.track.xml */ = {isa = PBXFileReference; fileEncoding = 4; lastKnownFileType = text.xml; name = gameobject.tank.medium.right.track.xml; path = "../ie3D-Bundle/Configurations/gameobject.tank.medium.right.track.xml"; sourceTree = SOURCE_ROOT; };
		219A130A1998B8E800E674CB /* gameobject.tank.medium.tower.xml */ = {isa = PBXFileReference; fileEncoding = 4; lastKnownFileType = text.xml; name = gameobject.tank.medium.tower.xml; path = "../ie3D-Bundle/Configurations/gameobject.tank.medium.tower.xml"; sourceTree = SOURCE_ROOT; };
		219A130B1998B8E800E674CB /* gameobject.tank.medium.xml */ = {isa = PBXFileReference; fileEncoding = 4; lastKnownFileType = text.xml; name = gameobject.tank.medium.xml; path = "../ie3D-Bundle/Configurations/gameobject.tank.medium.xml"; sourceTree = SOURCE_ROOT; };
		219A131B1998B8F800E674CB /* material.tank.heavy.body.common.xml */ = {isa = PBXFileReference; fileEncoding = 4; lastKnownFileType = text.xml; name = material.tank.heavy.body.common.xml; path = "../ie3D-Bundle/Configurations/material.tank.heavy.body.common.xml"; sourceTree = SOURCE_ROOT; };
		219A131C1998B8F800E674CB /* material.tank.heavy.left.track.common.xml */ = {isa = PBXFileReference; fileEncoding = 4; lastKnownFileType = text.xml; name = material.tank.heavy.left.track.common.xml; path = "../ie3D-Bundle/Configurations/material.tank.heavy.left.track.common.xml"; sourceTree = SOURCE_ROOT; };
		219A131D1998B8F800E674CB /* material.tank.heavy.right.track.common.xml */ = {isa = PBXFileReference; fileEncoding = 4; lastKnownFileType = text.xml; name = material.tank.heavy.right.track.common.xml; path = "../ie3D-Bundle/Configurations/material.tank.heavy.right.track.common.xml"; sourceTree = SOURCE_ROOT; };
		219A131E1998B8F800E674CB /* material.tank.heavy.tower.common.xml */ = {isa = PBXFileReference; fileEncoding = 4; lastKnownFileType = text.xml; name = material.tank.heavy.tower.common.xml; path = "../ie3D-Bundle/Configurations/material.tank.heavy.tower.common.xml"; sourceTree = SOURCE_ROOT; };
		219A131F1998B8F800E674CB /* material.tank.light.body.common.xml */ = {isa = PBXFileReference; fileEncoding = 4; lastKnownFileType = text.xml; name = material.tank.light.body.common.xml; path = "../ie3D-Bundle/Configurations/material.tank.light.body.common.xml"; sourceTree = SOURCE_ROOT; };
		219A13201998B8F800E674CB /* material.tank.light.left.track.common.xml */ = {isa = PBXFileReference; fileEncoding = 4; lastKnownFileType = text.xml; name = material.tank.light.left.track.common.xml; path = "../ie3D-Bundle/Configurations/material.tank.light.left.track.common.xml"; sourceTree = SOURCE_ROOT; };
		219A13211998B8F800E674CB /* material.tank.light.right.track.common.xml */ = {isa = PBXFileReference; fileEncoding = 4; lastKnownFileType = text.xml; name = material.tank.light.right.track.common.xml; path = "../ie3D-Bundle/Configurations/material.tank.light.right.track.common.xml"; sourceTree = SOURCE_ROOT; };
		219A13221998B8F800E674CB /* material.tank.light.tower.common.xml */ = {isa = PBXFileReference; fileEncoding = 4; lastKnownFileType = text.xml; name = material.tank.light.tower.common.xml; path = "../ie3D-Bundle/Configurations/material.tank.light.tower.common.xml"; sourceTree = SOURCE_ROOT; };
		219A13231998B8F800E674CB /* material.tank.medium.body.common.xml */ = {isa = PBXFileReference; fileEncoding = 4; lastKnownFileType = text.xml; name = material.tank.medium.body.common.xml; path = "../ie3D-Bundle/Configurations/material.tank.medium.body.common.xml"; sourceTree = SOURCE_ROOT; };
		219A13241998B8F800E674CB /* material.tank.medium.left.track.common.xml */ = {isa = PBXFileReference; fileEncoding = 4; lastKnownFileType = text.xml; name = material.tank.medium.left.track.common.xml; path = "../ie3D-Bundle/Configurations/material.tank.medium.left.track.common.xml"; sourceTree = SOURCE_ROOT; };
		219A13251998B8F800E674CB /* material.tank.medium.right.track.common.xml */ = {isa = PBXFileReference; fileEncoding = 4; lastKnownFileType = text.xml; name = material.tank.medium.right.track.common.xml; path = "../ie3D-Bundle/Configurations/material.tank.medium.right.track.common.xml"; sourceTree = SOURCE_ROOT; };
		219A13261998B8F800E674CB /* material.tank.medium.tower.common.xml */ = {isa = PBXFileReference; fileEncoding = 4; lastKnownFileType = text.xml; name = material.tank.medium.tower.common.xml; path = "../ie3D-Bundle/Configurations/material.tank.medium.tower.common.xml"; sourceTree = SOURCE_ROOT; };
		219A13331998BBA000E674CB /* tank_heavy.pvr */ = {isa = PBXFileReference; lastKnownFileType = file; name = tank_heavy.pvr; path = "../ie3D-Bundle/Textures/tank_heavy.pvr"; sourceTree = SOURCE_ROOT; };
		219A13341998BBA000E674CB /* tank_light.pvr */ = {isa = PBXFileReference; lastKnownFileType = file; name = tank_light.pvr; path = "../ie3D-Bundle/Textures/tank_light.pvr"; sourceTree = SOURCE_ROOT; };
		219A13351998BBA000E674CB /* tank_medium.pvr */ = {isa = PBXFileReference; lastKnownFileType = file; name = tank_medium.pvr; path = "../ie3D-Bundle/Textures/tank_medium.pvr"; sourceTree = SOURCE_ROOT; };
		219A13361998BBA000E674CB /* tank_track.pvr */ = {isa = PBXFileReference; lastKnownFileType = file; name = tank_track.pvr; path = "../ie3D-Bundle/Textures/tank_track.pvr"; sourceTree = SOURCE_ROOT; };
		219A1372199A0A2600E674CB /* ICharacterController.cpp */ = {isa = PBXFileReference; fileEncoding = 4; lastKnownFileType = sourcecode.cpp.cpp; name = ICharacterController.cpp; path = Sources/ICharacterController.cpp; sourceTree = SOURCE_ROOT; };
		219A1373199A0A2600E674CB /* ICharacterController.h */ = {isa = PBXFileReference; fileEncoding = 4; lastKnownFileType = sourcecode.c.h; name = ICharacterController.h; path = Sources/ICharacterController.h; sourceTree = SOURCE_ROOT; };
		219A1375199A0A5600E674CB /* CGameObjectNavigator.cpp */ = {isa = PBXFileReference; fileEncoding = 4; lastKnownFileType = sourcecode.cpp.cpp; name = CGameObjectNavigator.cpp; path = Sources/CGameObjectNavigator.cpp; sourceTree = SOURCE_ROOT; };
		219A1376199A0A5600E674CB /* CGameObjectNavigator.h */ = {isa = PBXFileReference; fileEncoding = 4; lastKnownFileType = sourcecode.c.h; name = CGameObjectNavigator.h; path = Sources/CGameObjectNavigator.h; sourceTree = SOURCE_ROOT; };
		219A1384199A478C00E674CB /* HDEDeclaration.h */ = {isa = PBXFileReference; lastKnownFileType = sourcecode.c.h; name = HDEDeclaration.h; path = Sources/HDEDeclaration.h; sourceTree = SOURCE_ROOT; };
		219A139F199A613D00E674CB /* CDEUIToSceneCommands.cpp */ = {isa = PBXFileReference; fileEncoding = 4; lastKnownFileType = sourcecode.cpp.cpp; name = CDEUIToSceneCommands.cpp; path = Sources/CDEUIToSceneCommands.cpp; sourceTree = SOURCE_ROOT; };
		219A13A0199A613D00E674CB /* CDEUIToSceneCommands.h */ = {isa = PBXFileReference; fileEncoding = 4; lastKnownFileType = sourcecode.c.h; name = CDEUIToSceneCommands.h; path = Sources/CDEUIToSceneCommands.h; sourceTree = SOURCE_ROOT; };
		219A13A2199A616200E674CB /* CDESceneToUICommands.cpp */ = {isa = PBXFileReference; fileEncoding = 4; lastKnownFileType = sourcecode.cpp.cpp; name = CDESceneToUICommands.cpp; path = Sources/CDESceneToUICommands.cpp; sourceTree = SOURCE_ROOT; };
		219A13A3199A616200E674CB /* CDESceneToUICommands.h */ = {isa = PBXFileReference; fileEncoding = 4; lastKnownFileType = sourcecode.c.h; name = CDESceneToUICommands.h; path = Sources/CDESceneToUICommands.h; sourceTree = SOURCE_ROOT; };
		219A13A5199A619A00E674CB /* HDEEnums.h */ = {isa = PBXFileReference; lastKnownFileType = sourcecode.c.h; name = HDEEnums.h; path = Sources/HDEEnums.h; sourceTree = SOURCE_ROOT; };
		21B08D7A1920CA2000C5D5CC /* CMapDragController.cpp */ = {isa = PBXFileReference; fileEncoding = 4; lastKnownFileType = sourcecode.cpp.cpp; name = CMapDragController.cpp; path = Sources/CMapDragController.cpp; sourceTree = SOURCE_ROOT; };
		21B08D7B1920CA2000C5D5CC /* CMapDragController.h */ = {isa = PBXFileReference; fileEncoding = 4; lastKnownFileType = sourcecode.c.h; name = CMapDragController.h; path = Sources/CMapDragController.h; sourceTree = SOURCE_ROOT; };
		21B08DAD1920CCF600C5D5CC /* shaderParticleEmitter.frag */ = {isa = PBXFileReference; fileEncoding = 4; lastKnownFileType = sourcecode.glsl; name = shaderParticleEmitter.frag; path = "../ie3D-Bundle/Shaders/shaderParticleEmitter.frag"; sourceTree = SOURCE_ROOT; };
		21B08DAE1920CCF600C5D5CC /* shaderParticleEmitter.vert */ = {isa = PBXFileReference; fileEncoding = 4; lastKnownFileType = sourcecode.glsl; name = shaderParticleEmitter.vert; path = "../ie3D-Bundle/Shaders/shaderParticleEmitter.vert"; sourceTree = SOURCE_ROOT; };
		21B08DAF1920CCF600C5D5CC /* shaderScreenQuad.frag */ = {isa = PBXFileReference; fileEncoding = 4; lastKnownFileType = sourcecode.glsl; name = shaderScreenQuad.frag; path = "../ie3D-Bundle/Shaders/shaderScreenQuad.frag"; sourceTree = SOURCE_ROOT; };
		21B08DB01920CCF600C5D5CC /* shaderScreenQuad.vert */ = {isa = PBXFileReference; fileEncoding = 4; lastKnownFileType = sourcecode.glsl; name = shaderScreenQuad.vert; path = "../ie3D-Bundle/Shaders/shaderScreenQuad.vert"; sourceTree = SOURCE_ROOT; };
		21B08DBF1920CD0900C5D5CC /* landscape.01.diffuse.pvr */ = {isa = PBXFileReference; lastKnownFileType = file; name = landscape.01.diffuse.pvr; path = "../ie3D-Bundle/Textures/landscape.01.diffuse.pvr"; sourceTree = SOURCE_ROOT; };
		21B08DC01920CD0900C5D5CC /* landscape.02.diffuse.pvr */ = {isa = PBXFileReference; lastKnownFileType = file; name = landscape.02.diffuse.pvr; path = "../ie3D-Bundle/Textures/landscape.02.diffuse.pvr"; sourceTree = SOURCE_ROOT; };
		21B08DC11920CD0900C5D5CC /* landscape.03.diffuse.pvr */ = {isa = PBXFileReference; lastKnownFileType = file; name = landscape.03.diffuse.pvr; path = "../ie3D-Bundle/Textures/landscape.03.diffuse.pvr"; sourceTree = SOURCE_ROOT; };
		21B08DC21920CD0900C5D5CC /* ocean.normal.pvr */ = {isa = PBXFileReference; lastKnownFileType = file; name = ocean.normal.pvr; path = "../ie3D-Bundle/Textures/ocean.normal.pvr"; sourceTree = SOURCE_ROOT; };
		21B08DC31920CD0900C5D5CC /* particle.emitter.01.pvr */ = {isa = PBXFileReference; lastKnownFileType = file; name = particle.emitter.01.pvr; path = "../ie3D-Bundle/Textures/particle.emitter.01.pvr"; sourceTree = SOURCE_ROOT; };
		21B08DC41920CD0900C5D5CC /* particle.emitter.02.pvr */ = {isa = PBXFileReference; lastKnownFileType = file; name = particle.emitter.02.pvr; path = "../ie3D-Bundle/Textures/particle.emitter.02.pvr"; sourceTree = SOURCE_ROOT; };
		21B08DC51920CD0900C5D5CC /* xneg.pvr */ = {isa = PBXFileReference; lastKnownFileType = file; name = xneg.pvr; path = "../ie3D-Bundle/Textures/xneg.pvr"; sourceTree = SOURCE_ROOT; };
		21B08DC61920CD0900C5D5CC /* xpos.pvr */ = {isa = PBXFileReference; lastKnownFileType = file; name = xpos.pvr; path = "../ie3D-Bundle/Textures/xpos.pvr"; sourceTree = SOURCE_ROOT; };
		21B08DC71920CD0900C5D5CC /* yneg.pvr */ = {isa = PBXFileReference; lastKnownFileType = file; name = yneg.pvr; path = "../ie3D-Bundle/Textures/yneg.pvr"; sourceTree = SOURCE_ROOT; };
		21B08DC81920CD0900C5D5CC /* ypos.pvr */ = {isa = PBXFileReference; lastKnownFileType = file; name = ypos.pvr; path = "../ie3D-Bundle/Textures/ypos.pvr"; sourceTree = SOURCE_ROOT; };
		21B08DC91920CD0900C5D5CC /* zneg.pvr */ = {isa = PBXFileReference; lastKnownFileType = file; name = zneg.pvr; path = "../ie3D-Bundle/Textures/zneg.pvr"; sourceTree = SOURCE_ROOT; };
		21B08DCA1920CD0900C5D5CC /* zpos.pvr */ = {isa = PBXFileReference; lastKnownFileType = file; name = zpos.pvr; path = "../ie3D-Bundle/Textures/zpos.pvr"; sourceTree = SOURCE_ROOT; };
		21B08E0F1922527400C5D5CC /* material.landscape.base.xml */ = {isa = PBXFileReference; fileEncoding = 4; lastKnownFileType = text.xml; name = material.landscape.base.xml; path = "../ie3D-Bundle/Configurations/material.landscape.base.xml"; sourceTree = SOURCE_ROOT; };
		21B08E101922527400C5D5CC /* material.landscape.edges.base.xml */ = {isa = PBXFileReference; fileEncoding = 4; lastKnownFileType = text.xml; name = material.landscape.edges.base.xml; path = "../ie3D-Bundle/Configurations/material.landscape.edges.base.xml"; sourceTree = SOURCE_ROOT; };
		21B08E111922527400C5D5CC /* material.landscape.edges.reflection.xml */ = {isa = PBXFileReference; fileEncoding = 4; lastKnownFileType = text.xml; name = material.landscape.edges.reflection.xml; path = "../ie3D-Bundle/Configurations/material.landscape.edges.reflection.xml"; sourceTree = SOURCE_ROOT; };
		21B08E121922527400C5D5CC /* material.landscape.edges.refraction.xml */ = {isa = PBXFileReference; fileEncoding = 4; lastKnownFileType = text.xml; name = material.landscape.edges.refraction.xml; path = "../ie3D-Bundle/Configurations/material.landscape.edges.refraction.xml"; sourceTree = SOURCE_ROOT; };
		21B08E131922527400C5D5CC /* material.landscape.reflection.xml */ = {isa = PBXFileReference; fileEncoding = 4; lastKnownFileType = text.xml; name = material.landscape.reflection.xml; path = "../ie3D-Bundle/Configurations/material.landscape.reflection.xml"; sourceTree = SOURCE_ROOT; };
		21B08E141922527400C5D5CC /* material.landscape.refraction.xml */ = {isa = PBXFileReference; fileEncoding = 4; lastKnownFileType = text.xml; name = material.landscape.refraction.xml; path = "../ie3D-Bundle/Configurations/material.landscape.refraction.xml"; sourceTree = SOURCE_ROOT; };
		21B08E151922527400C5D5CC /* material.ocean.xml */ = {isa = PBXFileReference; fileEncoding = 4; lastKnownFileType = text.xml; name = material.ocean.xml; path = "../ie3D-Bundle/Configurations/material.ocean.xml"; sourceTree = SOURCE_ROOT; };
		21B08E161922527400C5D5CC /* material.output.xml */ = {isa = PBXFileReference; fileEncoding = 4; lastKnownFileType = text.xml; name = material.output.xml; path = "../ie3D-Bundle/Configurations/material.output.xml"; sourceTree = SOURCE_ROOT; };
		21B08E171922527400C5D5CC /* material.particle.emitter.xml */ = {isa = PBXFileReference; fileEncoding = 4; lastKnownFileType = text.xml; name = material.particle.emitter.xml; path = "../ie3D-Bundle/Configurations/material.particle.emitter.xml"; sourceTree = SOURCE_ROOT; };
		21B08E181922527400C5D5CC /* material.skybox.base.xml */ = {isa = PBXFileReference; fileEncoding = 4; lastKnownFileType = text.xml; name = material.skybox.base.xml; path = "../ie3D-Bundle/Configurations/material.skybox.base.xml"; sourceTree = SOURCE_ROOT; };
		21B08E191922527400C5D5CC /* material.skybox.reflection.xml */ = {isa = PBXFileReference; fileEncoding = 4; lastKnownFileType = text.xml; name = material.skybox.reflection.xml; path = "../ie3D-Bundle/Configurations/material.skybox.reflection.xml"; sourceTree = SOURCE_ROOT; };
		21B08E1A1922527400C5D5CC /* material.skybox.refraction.xml */ = {isa = PBXFileReference; fileEncoding = 4; lastKnownFileType = text.xml; name = material.skybox.refraction.xml; path = "../ie3D-Bundle/Configurations/material.skybox.refraction.xml"; sourceTree = SOURCE_ROOT; };
		21B08E1B1922527400C5D5CC /* material.splatting.diffuse.xml */ = {isa = PBXFileReference; fileEncoding = 4; lastKnownFileType = text.xml; name = material.splatting.diffuse.xml; path = "../ie3D-Bundle/Configurations/material.splatting.diffuse.xml"; sourceTree = SOURCE_ROOT; };
		21B08E1C1922527400C5D5CC /* material.splatting.normal.xml */ = {isa = PBXFileReference; fileEncoding = 4; lastKnownFileType = text.xml; name = material.splatting.normal.xml; path = "../ie3D-Bundle/Configurations/material.splatting.normal.xml"; sourceTree = SOURCE_ROOT; };
		21B08E1D1922527400C5D5CC /* render.operation.output.xml */ = {isa = PBXFileReference; fileEncoding = 4; lastKnownFileType = text.xml; name = render.operation.output.xml; path = "../ie3D-Bundle/Configurations/render.operation.output.xml"; sourceTree = SOURCE_ROOT; };
		21B08E1E1922527400C5D5CC /* render.operation.world.base.xml */ = {isa = PBXFileReference; fileEncoding = 4; lastKnownFileType = text.xml; name = render.operation.world.base.xml; path = "../ie3D-Bundle/Configurations/render.operation.world.base.xml"; sourceTree = SOURCE_ROOT; };
		21B08E1F1922527400C5D5CC /* render.operation.world.reflection.xml */ = {isa = PBXFileReference; fileEncoding = 4; lastKnownFileType = text.xml; name = render.operation.world.reflection.xml; path = "../ie3D-Bundle/Configurations/render.operation.world.reflection.xml"; sourceTree = SOURCE_ROOT; };
		21B08E201922527400C5D5CC /* render.operation.world.refraction.xml */ = {isa = PBXFileReference; fileEncoding = 4; lastKnownFileType = text.xml; name = render.operation.world.refraction.xml; path = "../ie3D-Bundle/Configurations/render.operation.world.refraction.xml"; sourceTree = SOURCE_ROOT; };
		21B08E211922527400C5D5CC /* transition.main.xml */ = {isa = PBXFileReference; fileEncoding = 4; lastKnownFileType = text.xml; name = transition.main.xml; path = "../ie3D-Bundle/Configurations/transition.main.xml"; sourceTree = SOURCE_ROOT; };
		21B08E35192252E400C5D5CC /* shaderLandscape.frag */ = {isa = PBXFileReference; fileEncoding = 4; lastKnownFileType = sourcecode.glsl; name = shaderLandscape.frag; path = "../ie3D-Bundle/Shaders/shaderLandscape.frag"; sourceTree = SOURCE_ROOT; };
		21B08E36192252E400C5D5CC /* shaderLandscape.vert */ = {isa = PBXFileReference; fileEncoding = 4; lastKnownFileType = sourcecode.glsl; name = shaderLandscape.vert; path = "../ie3D-Bundle/Shaders/shaderLandscape.vert"; sourceTree = SOURCE_ROOT; };
		21B08E37192252E400C5D5CC /* shaderLandscapeSplatting.frag */ = {isa = PBXFileReference; fileEncoding = 4; lastKnownFileType = sourcecode.glsl; name = shaderLandscapeSplatting.frag; path = "../ie3D-Bundle/Shaders/shaderLandscapeSplatting.frag"; sourceTree = SOURCE_ROOT; };
		21B08E38192252E400C5D5CC /* shaderLandscapeSplatting.vert */ = {isa = PBXFileReference; fileEncoding = 4; lastKnownFileType = sourcecode.glsl; name = shaderLandscapeSplatting.vert; path = "../ie3D-Bundle/Shaders/shaderLandscapeSplatting.vert"; sourceTree = SOURCE_ROOT; };
		21B08E39192252E400C5D5CC /* shaderOcean.frag */ = {isa = PBXFileReference; fileEncoding = 4; lastKnownFileType = sourcecode.glsl; name = shaderOcean.frag; path = "../ie3D-Bundle/Shaders/shaderOcean.frag"; sourceTree = SOURCE_ROOT; };
		21B08E3A192252E400C5D5CC /* shaderOcean.vert */ = {isa = PBXFileReference; fileEncoding = 4; lastKnownFileType = sourcecode.glsl; name = shaderOcean.vert; path = "../ie3D-Bundle/Shaders/shaderOcean.vert"; sourceTree = SOURCE_ROOT; };
		21B08E41192252FF00C5D5CC /* gameobject.landscape.xml */ = {isa = PBXFileReference; fileEncoding = 4; lastKnownFileType = text.xml; name = gameobject.landscape.xml; path = "../ie3D-Bundle/Configurations/gameobject.landscape.xml"; sourceTree = SOURCE_ROOT; };
		21B08E42192252FF00C5D5CC /* gameobject.ocean.xml */ = {isa = PBXFileReference; fileEncoding = 4; lastKnownFileType = text.xml; name = gameobject.ocean.xml; path = "../ie3D-Bundle/Configurations/gameobject.ocean.xml"; sourceTree = SOURCE_ROOT; };
		21B08E43192252FF00C5D5CC /* gameobject.particle.emitter.xml */ = {isa = PBXFileReference; fileEncoding = 4; lastKnownFileType = text.xml; name = gameobject.particle.emitter.xml; path = "../ie3D-Bundle/Configurations/gameobject.particle.emitter.xml"; sourceTree = SOURCE_ROOT; };
		21B08E44192252FF00C5D5CC /* gameobject.skybox.xml */ = {isa = PBXFileReference; fileEncoding = 4; lastKnownFileType = text.xml; name = gameobject.skybox.xml; path = "../ie3D-Bundle/Configurations/gameobject.skybox.xml"; sourceTree = SOURCE_ROOT; };
		21B08E491922531700C5D5CC /* shaderSkyBox.frag */ = {isa = PBXFileReference; fileEncoding = 4; lastKnownFileType = sourcecode.glsl; name = shaderSkyBox.frag; path = "../ie3D-Bundle/Shaders/shaderSkyBox.frag"; sourceTree = SOURCE_ROOT; };
		21B08E4A1922531700C5D5CC /* shaderSkyBox.vert */ = {isa = PBXFileReference; fileEncoding = 4; lastKnownFileType = sourcecode.glsl; name = shaderSkyBox.vert; path = "../ie3D-Bundle/Shaders/shaderSkyBox.vert"; sourceTree = SOURCE_ROOT; };
		21B08E591923AE0300C5D5CC /* landscape.01.normal.pvr */ = {isa = PBXFileReference; lastKnownFileType = file; name = landscape.01.normal.pvr; path = "../ie3D-Bundle/Textures/landscape.01.normal.pvr"; sourceTree = SOURCE_ROOT; };
		21D070C1181D9D460019D264 /* ie3D-Demo.app */ = {isa = PBXFileReference; explicitFileType = wrapper.application; includeInIndex = 0; path = "ie3D-Demo.app"; sourceTree = BUILT_PRODUCTS_DIR; };
		21D070C4181D9D460019D264 /* Foundation.framework */ = {isa = PBXFileReference; lastKnownFileType = wrapper.framework; name = Foundation.framework; path = System/Library/Frameworks/Foundation.framework; sourceTree = SDKROOT; };
		21D070C6181D9D460019D264 /* CoreGraphics.framework */ = {isa = PBXFileReference; lastKnownFileType = wrapper.framework; name = CoreGraphics.framework; path = System/Library/Frameworks/CoreGraphics.framework; sourceTree = SDKROOT; };
		21D070C8181D9D460019D264 /* UIKit.framework */ = {isa = PBXFileReference; lastKnownFileType = wrapper.framework; name = UIKit.framework; path = System/Library/Frameworks/UIKit.framework; sourceTree = SDKROOT; };
		21D0724F181DAEA00019D264 /* QuartzCore.framework */ = {isa = PBXFileReference; lastKnownFileType = wrapper.framework; name = QuartzCore.framework; path = System/Library/Frameworks/QuartzCore.framework; sourceTree = SDKROOT; };
		21D07251181DAEA60019D264 /* OpenGLES.framework */ = {isa = PBXFileReference; lastKnownFileType = wrapper.framework; name = OpenGLES.framework; path = System/Library/Frameworks/OpenGLES.framework; sourceTree = SDKROOT; };
		21D07254181DB1910019D264 /* AppDelegate.h */ = {isa = PBXFileReference; fileEncoding = 4; lastKnownFileType = sourcecode.c.h; name = AppDelegate.h; path = Sources/AppDelegate.h; sourceTree = SOURCE_ROOT; };
		21D07255181DB1910019D264 /* AppDelegate.mm */ = {isa = PBXFileReference; fileEncoding = 4; lastKnownFileType = sourcecode.cpp.objcpp; name = AppDelegate.mm; path = Sources/AppDelegate.mm; sourceTree = SOURCE_ROOT; };
		21D0725A181DB1910019D264 /* CGameViewController.h */ = {isa = PBXFileReference; fileEncoding = 4; lastKnownFileType = sourcecode.c.h; name = CGameViewController.h; path = Sources/CGameViewController.h; sourceTree = SOURCE_ROOT; };
		21D0725B181DB1910019D264 /* CGameViewController.mm */ = {isa = PBXFileReference; fileEncoding = 4; lastKnownFileType = sourcecode.cpp.objcpp; name = CGameViewController.mm; path = Sources/CGameViewController.mm; sourceTree = SOURCE_ROOT; };
		21D0725C181DB1910019D264 /* CGameViewController.xib */ = {isa = PBXFileReference; fileEncoding = 4; lastKnownFileType = file.xib; name = CGameViewController.xib; path = Sources/CGameViewController.xib; sourceTree = SOURCE_ROOT; };
		21D0725D181DB1910019D264 /* CDemoGameScene.cpp */ = {isa = PBXFileReference; fileEncoding = 4; lastKnownFileType = sourcecode.cpp.cpp; name = CDemoGameScene.cpp; path = Sources/CDemoGameScene.cpp; sourceTree = SOURCE_ROOT; };
		21D0725E181DB1910019D264 /* CDemoGameScene.h */ = {isa = PBXFileReference; fileEncoding = 4; lastKnownFileType = sourcecode.c.h; name = CDemoGameScene.h; path = Sources/CDemoGameScene.h; sourceTree = SOURCE_ROOT; };
		21D0725F181DB1910019D264 /* CDemoGameTransition.cpp */ = {isa = PBXFileReference; fileEncoding = 4; lastKnownFileType = sourcecode.cpp.cpp; name = CDemoGameTransition.cpp; path = Sources/CDemoGameTransition.cpp; sourceTree = SOURCE_ROOT; };
		21D07260181DB1910019D264 /* CDemoGameTransition.h */ = {isa = PBXFileReference; fileEncoding = 4; lastKnownFileType = sourcecode.c.h; name = CDemoGameTransition.h; path = Sources/CDemoGameTransition.h; sourceTree = SOURCE_ROOT; };
		21D07261181DB1910019D264 /* CDemoGameController.cpp */ = {isa = PBXFileReference; explicitFileType = sourcecode.cpp.objcpp; fileEncoding = 4; name = CDemoGameController.cpp; path = Sources/CDemoGameController.cpp; sourceTree = SOURCE_ROOT; };
		21D07262181DB1910019D264 /* CDemoGameController.h */ = {isa = PBXFileReference; fileEncoding = 4; lastKnownFileType = sourcecode.c.h; name = CDemoGameController.h; path = Sources/CDemoGameController.h; sourceTree = SOURCE_ROOT; };
		21D0726A181DB1910019D264 /* main.mm */ = {isa = PBXFileReference; fileEncoding = 4; lastKnownFileType = sourcecode.cpp.objcpp; name = main.mm; path = Sources/main.mm; sourceTree = SOURCE_ROOT; };
		21DC2B371924D282008DA3C1 /* shaderLandscapeEdges.frag */ = {isa = PBXFileReference; fileEncoding = 4; lastKnownFileType = sourcecode.glsl; name = shaderLandscapeEdges.frag; path = "../ie3D-Bundle/Shaders/shaderLandscapeEdges.frag"; sourceTree = SOURCE_ROOT; };
		21DC2B381924D282008DA3C1 /* shaderLandscapeEdges.vert */ = {isa = PBXFileReference; fileEncoding = 4; lastKnownFileType = sourcecode.glsl; name = shaderLandscapeEdges.vert; path = "../ie3D-Bundle/Shaders/shaderLandscapeEdges.vert"; sourceTree = SOURCE_ROOT; };
		21DC2BB2192CD3D0008DA3C1 /* landscape.00.diffuse.pvr */ = {isa = PBXFileReference; lastKnownFileType = file; name = landscape.00.diffuse.pvr; path = "../ie3D-Bundle/Textures/landscape.00.diffuse.pvr"; sourceTree = SOURCE_ROOT; };
		21FCC8FB199FA69200F2CA1E /* ie3D-Engine.xcodeproj */ = {isa = PBXFileReference; lastKnownFileType = "wrapper.pb-project"; name = "ie3D-Engine.xcodeproj"; path = "../ie3D-Engine/ie3D-Engine.xcodeproj"; sourceTree = "<group>"; };
/* End PBXFileReference section */

/* Begin PBXFrameworksBuildPhase section */
		21D070BE181D9D460019D264 /* Frameworks */ = {
			isa = PBXFrameworksBuildPhase;
			buildActionMask = 2147483647;
			files = (
				21FCC8F9199FA65C00F2CA1E /* libie3DCore-ios.a in Frameworks */,
				21FCC907199FA6A300F2CA1E /* libie3DEngine-ios.a in Frameworks */,
				21D07252181DAEA60019D264 /* OpenGLES.framework in Frameworks */,
				21D07250181DAEA00019D264 /* QuartzCore.framework in Frameworks */,
				21D070C7181D9D460019D264 /* CoreGraphics.framework in Frameworks */,
				21D070C9181D9D460019D264 /* UIKit.framework in Frameworks */,
				21D070C5181D9D460019D264 /* Foundation.framework in Frameworks */,
			);
			runOnlyForDeploymentPostprocessing = 0;
		};
/* End PBXFrameworksBuildPhase section */

/* Begin PBXGroup section */
		213267871906AA13001C98F7 /* Libraries */ = {
			isa = PBXGroup;
			children = (
				21FCC8FB199FA69200F2CA1E /* ie3D-Engine.xcodeproj */,
				213267881906AA25001C98F7 /* ie3D-Core.xcodeproj */,
			);
			name = Libraries;
			sourceTree = "<group>";
		};
		213267891906AA25001C98F7 /* Products */ = {
			isa = PBXGroup;
			children = (
				2132678E1906AA26001C98F7 /* libie3DCore-ios.a */,
				213267901906AA26001C98F7 /* libie3DCore-osx.a */,
			);
			name = Products;
			sourceTree = "<group>";
		};
		216A50C4199DFB4C00E46DDE /* UIElements */ = {
			isa = PBXGroup;
			children = (
				216A50DD199E032500E46DDE /* CDEJoystick.h */,
				216A50DE199E032500E46DDE /* CDEJoystick.m */,
			);
			name = UIElements;
			sourceTree = "<group>";
		};
		219A12DB1998B01B00E674CB /* StateMachine Managment */ = {
			isa = PBXGroup;
			children = (
				219A12DE1998B03E00E674CB /* Transitions */,
				21D07262181DB1910019D264 /* CDemoGameController.h */,
				21D07261181DB1910019D264 /* CDemoGameController.cpp */,
			);
			name = "StateMachine Managment";
			sourceTree = "<group>";
		};
		219A12DE1998B03E00E674CB /* Transitions */ = {
			isa = PBXGroup;
			children = (
				21D07260181DB1910019D264 /* CDemoGameTransition.h */,
				21D0725F181DB1910019D264 /* CDemoGameTransition.cpp */,
			);
			name = Transitions;
			sourceTree = "<group>";
		};
		219A1383199A476300E674CB /* Common */ = {
			isa = PBXGroup;
			children = (
				219A1384199A478C00E674CB /* HDEDeclaration.h */,
				219A13A5199A619A00E674CB /* HDEEnums.h */,
			);
			name = Common;
			sourceTree = "<group>";
		};
		219A139E199A60A300E674CB /* UICommands */ = {
			isa = PBXGroup;
			children = (
				219A13A0199A613D00E674CB /* CDEUIToSceneCommands.h */,
				219A139F199A613D00E674CB /* CDEUIToSceneCommands.cpp */,
				219A13A3199A616200E674CB /* CDESceneToUICommands.h */,
				219A13A2199A616200E674CB /* CDESceneToUICommands.cpp */,
			);
			name = UICommands;
			sourceTree = "<group>";
		};
		21BC34CD19081510007B99DA /* Configurations */ = {
			isa = PBXGroup;
			children = (
				219A12FD1998B8E800E674CB /* gameobject.tank.heavy.body.xml */,
				219A12FE1998B8E800E674CB /* gameobject.tank.heavy.left.track.xml */,
				219A12FF1998B8E800E674CB /* gameobject.tank.heavy.right.track.xml */,
				219A13001998B8E800E674CB /* gameobject.tank.heavy.tower.xml */,
				219A13011998B8E800E674CB /* gameobject.tank.heavy.xml */,
				219A13021998B8E800E674CB /* gameobject.tank.light.body.xml */,
				219A13031998B8E800E674CB /* gameobject.tank.light.left.track.xml */,
				219A13041998B8E800E674CB /* gameobject.tank.light.right.track.xml */,
				219A13051998B8E800E674CB /* gameobject.tank.light.tower.xml */,
				219A13061998B8E800E674CB /* gameobject.tank.light.xml */,
				219A13071998B8E800E674CB /* gameobject.tank.medium.body.xml */,
				219A13081998B8E800E674CB /* gameobject.tank.medium.left.track.xml */,
				219A13091998B8E800E674CB /* gameobject.tank.medium.right.track.xml */,
				219A130A1998B8E800E674CB /* gameobject.tank.medium.tower.xml */,
				219A130B1998B8E800E674CB /* gameobject.tank.medium.xml */,
				2173345A19642B72002B3F90 /* gameobject.model.xml */,
				21B08E41192252FF00C5D5CC /* gameobject.landscape.xml */,
				21B08E42192252FF00C5D5CC /* gameobject.ocean.xml */,
				21B08E43192252FF00C5D5CC /* gameobject.particle.emitter.xml */,
				21B08E44192252FF00C5D5CC /* gameobject.skybox.xml */,
				219A131B1998B8F800E674CB /* material.tank.heavy.body.common.xml */,
				219A131C1998B8F800E674CB /* material.tank.heavy.left.track.common.xml */,
				219A131D1998B8F800E674CB /* material.tank.heavy.right.track.common.xml */,
				219A131E1998B8F800E674CB /* material.tank.heavy.tower.common.xml */,
				219A131F1998B8F800E674CB /* material.tank.light.body.common.xml */,
				219A13201998B8F800E674CB /* material.tank.light.left.track.common.xml */,
				219A13211998B8F800E674CB /* material.tank.light.right.track.common.xml */,
				219A13221998B8F800E674CB /* material.tank.light.tower.common.xml */,
				219A13231998B8F800E674CB /* material.tank.medium.body.common.xml */,
				219A13241998B8F800E674CB /* material.tank.medium.left.track.common.xml */,
				219A13251998B8F800E674CB /* material.tank.medium.right.track.common.xml */,
				219A13261998B8F800E674CB /* material.tank.medium.tower.common.xml */,
				216204381949AEFF00D129AD /* material.render.operation.screen.ssao.xml */,
				21B08E0F1922527400C5D5CC /* material.landscape.base.xml */,
				21B08E101922527400C5D5CC /* material.landscape.edges.base.xml */,
				21B08E111922527400C5D5CC /* material.landscape.edges.reflection.xml */,
				21B08E121922527400C5D5CC /* material.landscape.edges.refraction.xml */,
				21B08E131922527400C5D5CC /* material.landscape.reflection.xml */,
				21B08E141922527400C5D5CC /* material.landscape.refraction.xml */,
				2162045A194AFC0900D129AD /* material.landscape.normal.xml */,
				21B08E151922527400C5D5CC /* material.ocean.xml */,
				21620462194AFF4C00D129AD /* material.ocean.normal.xml */,
				21B08E161922527400C5D5CC /* material.output.xml */,
				21B08E171922527400C5D5CC /* material.particle.emitter.xml */,
				21B08E181922527400C5D5CC /* material.skybox.base.xml */,
				21B08E191922527400C5D5CC /* material.skybox.reflection.xml */,
				21B08E1A1922527400C5D5CC /* material.skybox.refraction.xml */,
				21B08E1B1922527400C5D5CC /* material.splatting.diffuse.xml */,
				21B08E1C1922527400C5D5CC /* material.splatting.normal.xml */,
				2173345B19642B72002B3F90 /* material.model.common.xml */,
				2173345C19642B72002B3F90 /* material.model.reflection.xml */,
				2173345D19642B72002B3F90 /* material.model.refraction.xml */,
				216204391949AEFF00D129AD /* render.operation.screen.ssao.xml */,
				21B08E1D1922527400C5D5CC /* render.operation.output.xml */,
				21B08E1E1922527400C5D5CC /* render.operation.world.base.xml */,
				21B08E1F1922527400C5D5CC /* render.operation.world.reflection.xml */,
				21B08E201922527400C5D5CC /* render.operation.world.refraction.xml */,
				2162045B194AFC0900D129AD /* render.operation.world.normal.xml */,
				21B08E211922527400C5D5CC /* transition.main.xml */,
			);
			name = Configurations;
			path = "../../ie3D-Bundle/Configurations";
			sourceTree = "<group>";
		};
		21BC34E119081510007B99DA /* Meshes */ = {
			isa = PBXGroup;
			children = (
				219A12DF1998B54100E674CB /* model.mdl_anim */,
				219A12E01998B54100E674CB /* model.mdl_mesh */,
				219A12E11998B54100E674CB /* model.mdl_sk */,
				219A12E21998B54100E674CB /* tank_heavy_body.mdl_01 */,
				219A12E31998B54100E674CB /* tank_heavy_left_track.mdl_01 */,
				219A12E41998B54100E674CB /* tank_heavy_right_track.mdl_01 */,
				219A12E51998B54100E674CB /* tank_heavy_tower.mdl_01 */,
				219A12E61998B54100E674CB /* tank_light_body.mdl_01 */,
				219A12E71998B54100E674CB /* tank_light_left_track.mdl_01 */,
				219A12E81998B54100E674CB /* tank_light_right_track.mdl_01 */,
				219A12E91998B54100E674CB /* tank_light_tower.mdl_01 */,
				219A12EA1998B54100E674CB /* tank_medium_body.mdl_01 */,
				219A12EB1998B54100E674CB /* tank_medium_left_track.mdl_01 */,
				219A12EC1998B54100E674CB /* tank_medium_right_track.mdl_01 */,
				219A12ED1998B54100E674CB /* tank_medium_tower.mdl_01 */,
			);
			name = Meshes;
			path = "../../ie3D-Bundle/Meshes";
			sourceTree = "<group>";
		};
		21BC34E219081510007B99DA /* Shaders */ = {
			isa = PBXGroup;
			children = (
				2173345619642B47002B3F90 /* shaderModel.frag */,
				2173345719642B47002B3F90 /* shaderModel.vert */,
				2162045E194AFC3900D129AD /* shaderGameObjectNormal.frag */,
				2162045F194AFC3900D129AD /* shaderGameObjectNormal.vert */,
				2162043D1949AF2300D129AD /* shaderScreenSSAO.frag */,
				2162043E1949AF2300D129AD /* shaderScreenSSAO.vert */,
				21DC2B371924D282008DA3C1 /* shaderLandscapeEdges.frag */,
				21DC2B381924D282008DA3C1 /* shaderLandscapeEdges.vert */,
				21B08E491922531700C5D5CC /* shaderSkyBox.frag */,
				21B08E4A1922531700C5D5CC /* shaderSkyBox.vert */,
				21B08E35192252E400C5D5CC /* shaderLandscape.frag */,
				21B08E36192252E400C5D5CC /* shaderLandscape.vert */,
				21B08E37192252E400C5D5CC /* shaderLandscapeSplatting.frag */,
				21B08E38192252E400C5D5CC /* shaderLandscapeSplatting.vert */,
				21B08E39192252E400C5D5CC /* shaderOcean.frag */,
				21B08E3A192252E400C5D5CC /* shaderOcean.vert */,
				21B08DAD1920CCF600C5D5CC /* shaderParticleEmitter.frag */,
				21B08DAE1920CCF600C5D5CC /* shaderParticleEmitter.vert */,
				21B08DAF1920CCF600C5D5CC /* shaderScreenQuad.frag */,
				21B08DB01920CCF600C5D5CC /* shaderScreenQuad.vert */,
			);
			name = Shaders;
			path = "../../ie3D-Bundle/Shaders";
			sourceTree = "<group>";
		};
		21BC34ED19081510007B99DA /* Textures */ = {
			isa = PBXGroup;
			children = (
				219A13331998BBA000E674CB /* tank_heavy.pvr */,
				219A13341998BBA000E674CB /* tank_light.pvr */,
				219A13351998BBA000E674CB /* tank_medium.pvr */,
				219A13361998BBA000E674CB /* tank_track.pvr */,
				2173347319643CB8002B3F90 /* model.diffuse.pvr */,
				216204411949D7DC00D129AD /* ssao.random.pvr */,
				21DC2BB2192CD3D0008DA3C1 /* landscape.00.diffuse.pvr */,
				21B08E591923AE0300C5D5CC /* landscape.01.normal.pvr */,
				21B08DBF1920CD0900C5D5CC /* landscape.01.diffuse.pvr */,
				21B08DC01920CD0900C5D5CC /* landscape.02.diffuse.pvr */,
				21B08DC11920CD0900C5D5CC /* landscape.03.diffuse.pvr */,
				21B08DC21920CD0900C5D5CC /* ocean.normal.pvr */,
				21B08DC31920CD0900C5D5CC /* particle.emitter.01.pvr */,
				21B08DC41920CD0900C5D5CC /* particle.emitter.02.pvr */,
				21B08DC51920CD0900C5D5CC /* xneg.pvr */,
				21B08DC61920CD0900C5D5CC /* xpos.pvr */,
				21B08DC71920CD0900C5D5CC /* yneg.pvr */,
				21B08DC81920CD0900C5D5CC /* ypos.pvr */,
				21B08DC91920CD0900C5D5CC /* zneg.pvr */,
				21B08DCA1920CD0900C5D5CC /* zpos.pvr */,
			);
			name = Textures;
			path = "../../ie3D-Bundle/Textures";
			sourceTree = "<group>";
		};
		21D070B8181D9D460019D264 = {
			isa = PBXGroup;
			children = (
				213267871906AA13001C98F7 /* Libraries */,
				21D070F3181D9ECF0019D264 /* Sources */,
				21D070CB181D9D460019D264 /* Supporting */,
				21D070C3181D9D460019D264 /* Frameworks */,
				21D07279181DB33E0019D264 /* Resources */,
				21D070C2181D9D460019D264 /* Products */,
			);
			sourceTree = "<group>";
		};
		21D070C2181D9D460019D264 /* Products */ = {
			isa = PBXGroup;
			children = (
				21D070C1181D9D460019D264 /* ie3D-Demo.app */,
			);
			name = Products;
			sourceTree = "<group>";
		};
		21D070C3181D9D460019D264 /* Frameworks */ = {
			isa = PBXGroup;
			children = (
				21D07251181DAEA60019D264 /* OpenGLES.framework */,
				21D0724F181DAEA00019D264 /* QuartzCore.framework */,
				21D070C4181D9D460019D264 /* Foundation.framework */,
				21D070C6181D9D460019D264 /* CoreGraphics.framework */,
				21D070C8181D9D460019D264 /* UIKit.framework */,
			);
			name = Frameworks;
			sourceTree = "<group>";
		};
		21D070CB181D9D460019D264 /* Supporting */ = {
			isa = PBXGroup;
			children = (
				2132664F1906A84D001C98F7 /* ie3D-Demo.plist */,
			);
			name = Supporting;
			path = indieEngineDemo;
			sourceTree = "<group>";
		};
		21D070F3181D9ECF0019D264 /* Sources */ = {
			isa = PBXGroup;
			children = (
				216A50C4199DFB4C00E46DDE /* UIElements */,
				219A139E199A60A300E674CB /* UICommands */,
				219A1383199A476300E674CB /* Common */,
				219A12DB1998B01B00E674CB /* StateMachine Managment */,
				21D07254181DB1910019D264 /* AppDelegate.h */,
				21D07255181DB1910019D264 /* AppDelegate.mm */,
				21D0725A181DB1910019D264 /* CGameViewController.h */,
				21D0725B181DB1910019D264 /* CGameViewController.mm */,
				21D0725C181DB1910019D264 /* CGameViewController.xib */,
				21B08D7B1920CA2000C5D5CC /* CMapDragController.h */,
				21B08D7A1920CA2000C5D5CC /* CMapDragController.cpp */,
				21D0725E181DB1910019D264 /* CDemoGameScene.h */,
				21D0725D181DB1910019D264 /* CDemoGameScene.cpp */,
				21D0726A181DB1910019D264 /* main.mm */,
				219A1373199A0A2600E674CB /* ICharacterController.h */,
				219A1372199A0A2600E674CB /* ICharacterController.cpp */,
				219A1376199A0A5600E674CB /* CGameObjectNavigator.h */,
				219A1375199A0A5600E674CB /* CGameObjectNavigator.cpp */,
			);
			name = Sources;
			path = indieEngineDemo;
			sourceTree = "<group>";
		};
		21D07279181DB33E0019D264 /* Resources */ = {
			isa = PBXGroup;
			children = (
				211384EC194300DE0041A18A /* Images.xcassets */,
				21DC2B3B1924DC78008DA3C1 /* Temp */,
				21BC34CD19081510007B99DA /* Configurations */,
				21BC34E119081510007B99DA /* Meshes */,
				21BC34E219081510007B99DA /* Shaders */,
				21BC34ED19081510007B99DA /* Textures */,
			);
			name = Resources;
			path = indieEngineDemo;
			sourceTree = "<group>";
		};
		21DC2B3B1924DC78008DA3C1 /* Temp */ = {
			isa = PBXGroup;
			children = (
				2162092F19A1F04C00DECBBC /* map_01.png */,
				2162093019A1F04C00DECBBC /* map_02.png */,
				2162093119A1F04C00DECBBC /* map_03.png */,
				2162093219A1F04C00DECBBC /* map_04.png */,
				2162093319A1F04C00DECBBC /* map_05.png */,
			);
			name = Temp;
			sourceTree = "<group>";
		};
		21FCC8FC199FA69200F2CA1E /* Products */ = {
			isa = PBXGroup;
			children = (
				21FCC902199FA69200F2CA1E /* libie3DEngine-ios.a */,
				21FCC904199FA69200F2CA1E /* libie3DEngine-osx.a */,
			);
			name = Products;
			sourceTree = "<group>";
		};
/* End PBXGroup section */

/* Begin PBXNativeTarget section */
		21D070C0181D9D460019D264 /* ie3D-Demo */ = {
			isa = PBXNativeTarget;
			buildConfigurationList = 21D070ED181D9D460019D264 /* Build configuration list for PBXNativeTarget "ie3D-Demo" */;
			buildPhases = (
				21D070BD181D9D460019D264 /* Sources */,
				21D070BE181D9D460019D264 /* Frameworks */,
				21D070BF181D9D460019D264 /* Resources */,
			);
			buildRules = (
			);
			dependencies = (
				21FCC8F8199FA65100F2CA1E /* PBXTargetDependency */,
				21FCC906199FA69C00F2CA1E /* PBXTargetDependency */,
			);
			name = "ie3D-Demo";
			productName = indieEngineDemo;
			productReference = 21D070C1181D9D460019D264 /* ie3D-Demo.app */;
			productType = "com.apple.product-type.application";
		};
/* End PBXNativeTarget section */

/* Begin PBXProject section */
		21D070B9181D9D460019D264 /* Project object */ = {
			isa = PBXProject;
			attributes = {
				LastUpgradeCheck = 0500;
				ORGANIZATIONNAME = "Sergey Sergeev";
				TargetAttributes = {
					21D070C0181D9D460019D264 = {
						DevelopmentTeam = 9BB8ZPHCM9;
					};
				};
			};
			buildConfigurationList = 21D070BC181D9D460019D264 /* Build configuration list for PBXProject "ie3D-Demo" */;
			compatibilityVersion = "Xcode 3.2";
			developmentRegion = English;
			hasScannedForEncodings = 0;
			knownRegions = (
				en,
			);
			mainGroup = 21D070B8181D9D460019D264;
			productRefGroup = 21D070C2181D9D460019D264 /* Products */;
			projectDirPath = "";
			projectReferences = (
				{
					ProductGroup = 213267891906AA25001C98F7 /* Products */;
					ProjectRef = 213267881906AA25001C98F7 /* ie3D-Core.xcodeproj */;
				},
				{
					ProductGroup = 21FCC8FC199FA69200F2CA1E /* Products */;
					ProjectRef = 21FCC8FB199FA69200F2CA1E /* ie3D-Engine.xcodeproj */;
				},
			);
			projectRoot = "";
			targets = (
				21D070C0181D9D460019D264 /* ie3D-Demo */,
			);
		};
/* End PBXProject section */

/* Begin PBXReferenceProxy section */
		2132678E1906AA26001C98F7 /* libie3DCore-ios.a */ = {
			isa = PBXReferenceProxy;
			fileType = archive.ar;
			path = "libie3DCore-ios.a";
			remoteRef = 2132678D1906AA26001C98F7 /* PBXContainerItemProxy */;
			sourceTree = BUILT_PRODUCTS_DIR;
		};
		213267901906AA26001C98F7 /* libie3DCore-osx.a */ = {
			isa = PBXReferenceProxy;
			fileType = archive.ar;
			path = "libie3DCore-osx.a";
			remoteRef = 2132678F1906AA26001C98F7 /* PBXContainerItemProxy */;
			sourceTree = BUILT_PRODUCTS_DIR;
		};
		21FCC902199FA69200F2CA1E /* libie3DEngine-ios.a */ = {
			isa = PBXReferenceProxy;
			fileType = archive.ar;
			path = "libie3DEngine-ios.a";
			remoteRef = 21FCC901199FA69200F2CA1E /* PBXContainerItemProxy */;
			sourceTree = BUILT_PRODUCTS_DIR;
		};
		21FCC904199FA69200F2CA1E /* libie3DEngine-osx.a */ = {
			isa = PBXReferenceProxy;
			fileType = archive.ar;
			path = "libie3DEngine-osx.a";
			remoteRef = 21FCC903199FA69200F2CA1E /* PBXContainerItemProxy */;
			sourceTree = BUILT_PRODUCTS_DIR;
		};
/* End PBXReferenceProxy section */

/* Begin PBXResourcesBuildPhase section */
		21D070BF181D9D460019D264 /* Resources */ = {
			isa = PBXResourcesBuildPhase;
			buildActionMask = 2147483647;
			files = (
				219A13191998B8E800E674CB /* gameobject.tank.medium.tower.xml in Resources */,
				21B08E561923956200C5D5CC /* gameobject.landscape.xml in Resources */,
				2173345919642B47002B3F90 /* shaderModel.vert in Resources */,
				21B08DD01920CD0900C5D5CC /* particle.emitter.02.pvr in Resources */,
				21B08E231922527400C5D5CC /* material.landscape.edges.base.xml in Resources */,
				21B08E47192252FF00C5D5CC /* gameobject.particle.emitter.xml in Resources */,
				219A12F31998B54100E674CB /* tank_heavy_right_track.mdl_01 in Resources */,
				219A131A1998B8E800E674CB /* gameobject.tank.medium.xml in Resources */,
				2162093619A1F04C00DECBBC /* map_03.png in Resources */,
				21B08E48192252FF00C5D5CC /* gameobject.skybox.xml in Resources */,
				21B08E311922527400C5D5CC /* render.operation.world.base.xml in Resources */,
				21B08E331922527400C5D5CC /* render.operation.world.refraction.xml in Resources */,
				2173345E19642B72002B3F90 /* gameobject.model.xml in Resources */,
				219A12F61998B54100E674CB /* tank_light_left_track.mdl_01 in Resources */,
				219A132E1998B8F800E674CB /* material.tank.light.tower.common.xml in Resources */,
				219A13151998B8E800E674CB /* gameobject.tank.light.xml in Resources */,
				21B08E281922527400C5D5CC /* material.ocean.xml in Resources */,
				2162043B1949AEFF00D129AD /* render.operation.screen.ssao.xml in Resources */,
				21B08E4C1922531700C5D5CC /* shaderSkyBox.vert in Resources */,
				211384ED194300DE0041A18A /* Images.xcassets in Resources */,
				219A13281998B8F800E674CB /* material.tank.heavy.left.track.common.xml in Resources */,
				219A130F1998B8E800E674CB /* gameobject.tank.heavy.tower.xml in Resources */,
				219A13121998B8E800E674CB /* gameobject.tank.light.left.track.xml in Resources */,
				219A12F11998B54100E674CB /* tank_heavy_body.mdl_01 in Resources */,
				21B08DD51920CD0900C5D5CC /* zneg.pvr in Resources */,
				219A13181998B8E800E674CB /* gameobject.tank.medium.right.track.xml in Resources */,
				21B08E5A1923AE0300C5D5CC /* landscape.01.normal.pvr in Resources */,
				21B08DBB1920CCF600C5D5CC /* shaderScreenQuad.frag in Resources */,
				219A13111998B8E800E674CB /* gameobject.tank.light.body.xml in Resources */,
				21B08E3F192252E400C5D5CC /* shaderOcean.frag in Resources */,
				2173346019642B72002B3F90 /* material.model.reflection.xml in Resources */,
				21B08E301922527400C5D5CC /* render.operation.output.xml in Resources */,
				21B08DD61920CD0900C5D5CC /* zpos.pvr in Resources */,
				219A12F91998B54100E674CB /* tank_medium_body.mdl_01 in Resources */,
				21B08E40192252E400C5D5CC /* shaderOcean.vert in Resources */,
				21620463194AFF4C00D129AD /* material.ocean.normal.xml in Resources */,
				219A13171998B8E800E674CB /* gameobject.tank.medium.left.track.xml in Resources */,
				21B08DBC1920CCF600C5D5CC /* shaderScreenQuad.vert in Resources */,
				219A132D1998B8F800E674CB /* material.tank.light.right.track.common.xml in Resources */,
				2162045D194AFC0900D129AD /* render.operation.world.normal.xml in Resources */,
				219A13291998B8F800E674CB /* material.tank.heavy.right.track.common.xml in Resources */,
				219A13141998B8E800E674CB /* gameobject.tank.light.tower.xml in Resources */,
				21B08E341922527400C5D5CC /* transition.main.xml in Resources */,
				219A13311998B8F800E674CB /* material.tank.medium.right.track.common.xml in Resources */,
				21B08E251922527400C5D5CC /* material.landscape.edges.refraction.xml in Resources */,
				21B08E321922527400C5D5CC /* render.operation.world.reflection.xml in Resources */,
				219A130D1998B8E800E674CB /* gameobject.tank.heavy.left.track.xml in Resources */,
				21620460194AFC3900D129AD /* shaderGameObjectNormal.frag in Resources */,
				219A12F41998B54100E674CB /* tank_heavy_tower.mdl_01 in Resources */,
				21B08E2B1922527400C5D5CC /* material.skybox.base.xml in Resources */,
				21DC2B391924D282008DA3C1 /* shaderLandscapeEdges.frag in Resources */,
				219A13271998B8F800E674CB /* material.tank.heavy.body.common.xml in Resources */,
				219A12EE1998B54100E674CB /* model.mdl_anim in Resources */,
				219A12F71998B54100E674CB /* tank_light_right_track.mdl_01 in Resources */,
				21B08E2A1922527400C5D5CC /* material.particle.emitter.xml in Resources */,
				21B08E2D1922527400C5D5CC /* material.skybox.refraction.xml in Resources */,
				21B08E2C1922527400C5D5CC /* material.skybox.reflection.xml in Resources */,
				2162045C194AFC0900D129AD /* material.landscape.normal.xml in Resources */,
				21B08E221922527400C5D5CC /* material.landscape.base.xml in Resources */,
				21B08DCC1920CD0900C5D5CC /* landscape.02.diffuse.pvr in Resources */,
				21DC2B3A1924D282008DA3C1 /* shaderLandscapeEdges.vert in Resources */,
				219A13371998BBA000E674CB /* tank_heavy.pvr in Resources */,
				21DC2BB3192CD3D0008DA3C1 /* landscape.00.diffuse.pvr in Resources */,
				2162093519A1F04C00DECBBC /* map_02.png in Resources */,
				219A132B1998B8F800E674CB /* material.tank.light.body.common.xml in Resources */,
				219A12F01998B54100E674CB /* model.mdl_sk in Resources */,
				219A13161998B8E800E674CB /* gameobject.tank.medium.body.xml in Resources */,
				219A12F81998B54100E674CB /* tank_light_tower.mdl_01 in Resources */,
				219A12FC1998B54100E674CB /* tank_medium_tower.mdl_01 in Resources */,
				219A13101998B8E800E674CB /* gameobject.tank.heavy.xml in Resources */,
				219A12EF1998B54100E674CB /* model.mdl_mesh in Resources */,
				219A132A1998B8F800E674CB /* material.tank.heavy.tower.common.xml in Resources */,
				21B08E2F1922527400C5D5CC /* material.splatting.normal.xml in Resources */,
				219A13391998BBA000E674CB /* tank_medium.pvr in Resources */,
				21B08E3C192252E400C5D5CC /* shaderLandscape.vert in Resources */,
				216204421949D7DC00D129AD /* ssao.random.pvr in Resources */,
				21B08E3E192252E400C5D5CC /* shaderLandscapeSplatting.vert in Resources */,
				2173345F19642B72002B3F90 /* material.model.common.xml in Resources */,
				21620461194AFC3900D129AD /* shaderGameObjectNormal.vert in Resources */,
				219A13301998B8F800E674CB /* material.tank.medium.left.track.common.xml in Resources */,
				21B08DCD1920CD0900C5D5CC /* landscape.03.diffuse.pvr in Resources */,
				2173346119642B72002B3F90 /* material.model.refraction.xml in Resources */,
				213267961906B51C001C98F7 /* CGameViewController.xib in Resources */,
				219A12F21998B54100E674CB /* tank_heavy_left_track.mdl_01 in Resources */,
				21B08DD31920CD0900C5D5CC /* yneg.pvr in Resources */,
				219A12F51998B54100E674CB /* tank_light_body.mdl_01 in Resources */,
				2162093719A1F04C00DECBBC /* map_04.png in Resources */,
				21B08DCB1920CD0900C5D5CC /* landscape.01.diffuse.pvr in Resources */,
				219A130C1998B8E800E674CB /* gameobject.tank.heavy.body.xml in Resources */,
				219A13131998B8E800E674CB /* gameobject.tank.light.right.track.xml in Resources */,
				21B08E2E1922527400C5D5CC /* material.splatting.diffuse.xml in Resources */,
				216204401949AF2300D129AD /* shaderScreenSSAO.vert in Resources */,
				219A133A1998BBA000E674CB /* tank_track.pvr in Resources */,
				21B08DD21920CD0900C5D5CC /* xpos.pvr in Resources */,
				219A130E1998B8E800E674CB /* gameobject.tank.heavy.right.track.xml in Resources */,
				2162043F1949AF2300D129AD /* shaderScreenSSAO.frag in Resources */,
				2162093819A1F04C00DECBBC /* map_05.png in Resources */,
				21B08DCE1920CD0900C5D5CC /* ocean.normal.pvr in Resources */,
				2173345819642B47002B3F90 /* shaderModel.frag in Resources */,
				21B08E3B192252E400C5D5CC /* shaderLandscape.frag in Resources */,
				219A12FB1998B54100E674CB /* tank_medium_right_track.mdl_01 in Resources */,
				21B08E271922527400C5D5CC /* material.landscape.refraction.xml in Resources */,
				21B08E46192252FF00C5D5CC /* gameobject.ocean.xml in Resources */,
				21B08E4B1922531700C5D5CC /* shaderSkyBox.frag in Resources */,
				21B08DD41920CD0900C5D5CC /* ypos.pvr in Resources */,
				219A132C1998B8F800E674CB /* material.tank.light.left.track.common.xml in Resources */,
				219A132F1998B8F800E674CB /* material.tank.medium.body.common.xml in Resources */,
				219A13381998BBA000E674CB /* tank_light.pvr in Resources */,
				2162093419A1F04C00DECBBC /* map_01.png in Resources */,
				21B08DBA1920CCF600C5D5CC /* shaderParticleEmitter.vert in Resources */,
				21B08E261922527400C5D5CC /* material.landscape.reflection.xml in Resources */,
				21B08E291922527400C5D5CC /* material.output.xml in Resources */,
				2162043A1949AEFF00D129AD /* material.render.operation.screen.ssao.xml in Resources */,
				21B08DB91920CCF600C5D5CC /* shaderParticleEmitter.frag in Resources */,
				2173347419643CB8002B3F90 /* model.diffuse.pvr in Resources */,
				21B08E3D192252E400C5D5CC /* shaderLandscapeSplatting.frag in Resources */,
				219A13321998B8F800E674CB /* material.tank.medium.tower.common.xml in Resources */,
				219A12FA1998B54100E674CB /* tank_medium_left_track.mdl_01 in Resources */,
				21B08E241922527400C5D5CC /* material.landscape.edges.reflection.xml in Resources */,
				21B08DD11920CD0900C5D5CC /* xneg.pvr in Resources */,
				21B08DCF1920CD0900C5D5CC /* particle.emitter.01.pvr in Resources */,
			);
			runOnlyForDeploymentPostprocessing = 0;
		};
/* End PBXResourcesBuildPhase section */

/* Begin PBXSourcesBuildPhase section */
		21D070BD181D9D460019D264 /* Sources */ = {
			isa = PBXSourcesBuildPhase;
			buildActionMask = 2147483647;
			files = (
				219A1374199A0A2600E674CB /* ICharacterController.cpp in Sources */,
				219A1377199A0A5600E674CB /* CGameObjectNavigator.cpp in Sources */,
				21D07273181DB1910019D264 /* CDemoGameController.cpp in Sources */,
				21B08D7C1920CA2000C5D5CC /* CMapDragController.cpp in Sources */,
				216A50DF199E032500E46DDE /* CDEJoystick.m in Sources */,
				21D0726C181DB1910019D264 /* AppDelegate.mm in Sources */,
				21D07272181DB1910019D264 /* CDemoGameTransition.cpp in Sources */,
				21D07271181DB1910019D264 /* CDemoGameScene.cpp in Sources */,
				21D07277181DB1910019D264 /* main.mm in Sources */,
				219A13A4199A616200E674CB /* CDESceneToUICommands.cpp in Sources */,
				219A13A1199A613D00E674CB /* CDEUIToSceneCommands.cpp in Sources */,
				21D0726F181DB1910019D264 /* CGameViewController.mm in Sources */,
			);
			runOnlyForDeploymentPostprocessing = 0;
		};
/* End PBXSourcesBuildPhase section */

/* Begin PBXTargetDependency section */
		21FCC8F8199FA65100F2CA1E /* PBXTargetDependency */ = {
			isa = PBXTargetDependency;
			name = "ie3DCore-ios";
			targetProxy = 21FCC8F7199FA65100F2CA1E /* PBXContainerItemProxy */;
		};
		21FCC906199FA69C00F2CA1E /* PBXTargetDependency */ = {
			isa = PBXTargetDependency;
			name = "ie3DEngine-ios";
			targetProxy = 21FCC905199FA69C00F2CA1E /* PBXContainerItemProxy */;
		};
/* End PBXTargetDependency section */

/* Begin XCBuildConfiguration section */
		21D070EB181D9D460019D264 /* Debug */ = {
			isa = XCBuildConfiguration;
			buildSettings = {
				ALWAYS_SEARCH_USER_PATHS = NO;
				ARCHS = "$(ARCHS_STANDARD_INCLUDING_64_BIT)";
				CLANG_CXX_LANGUAGE_STANDARD = "gnu++0x";
				CLANG_CXX_LIBRARY = "libc++";
				CLANG_ENABLE_MODULES = YES;
				CLANG_ENABLE_OBJC_ARC = YES;
				CLANG_WARN_BOOL_CONVERSION = YES;
				CLANG_WARN_CONSTANT_CONVERSION = YES;
				CLANG_WARN_DIRECT_OBJC_ISA_USAGE = YES_ERROR;
				CLANG_WARN_EMPTY_BODY = YES;
				CLANG_WARN_ENUM_CONVERSION = YES;
				CLANG_WARN_INT_CONVERSION = YES;
				CLANG_WARN_OBJC_ROOT_CLASS = YES_ERROR;
				CLANG_WARN__DUPLICATE_METHOD_MATCH = YES;
				CODE_SIGN_IDENTITY = "iPhone Developer";
				"CODE_SIGN_IDENTITY[sdk=iphoneos*]" = "iPhone Developer";
				COPY_PHASE_STRIP = NO;
				GCC_C_LANGUAGE_STANDARD = gnu99;
				GCC_DYNAMIC_NO_PIC = NO;
				GCC_OPTIMIZATION_LEVEL = 0;
				GCC_PREPROCESSOR_DEFINITIONS = (
					"DEBUG=1",
					"$(inherited)",
				);
				GCC_SYMBOLS_PRIVATE_EXTERN = NO;
				GCC_WARN_64_TO_32_BIT_CONVERSION = YES;
				GCC_WARN_ABOUT_RETURN_TYPE = YES_ERROR;
				GCC_WARN_UNDECLARED_SELECTOR = YES;
				GCC_WARN_UNINITIALIZED_AUTOS = YES;
				GCC_WARN_UNUSED_FUNCTION = YES;
				GCC_WARN_UNUSED_VARIABLE = YES;
				IPHONEOS_DEPLOYMENT_TARGET = 7.0;
				ONLY_ACTIVE_ARCH = YES;
				SDKROOT = iphoneos;
				TARGETED_DEVICE_FAMILY = "1,2";
			};
			name = Debug;
		};
		21D070EC181D9D460019D264 /* Release */ = {
			isa = XCBuildConfiguration;
			buildSettings = {
				ALWAYS_SEARCH_USER_PATHS = NO;
				ARCHS = "$(ARCHS_STANDARD_INCLUDING_64_BIT)";
				CLANG_CXX_LANGUAGE_STANDARD = "gnu++0x";
				CLANG_CXX_LIBRARY = "libc++";
				CLANG_ENABLE_MODULES = YES;
				CLANG_ENABLE_OBJC_ARC = YES;
				CLANG_WARN_BOOL_CONVERSION = YES;
				CLANG_WARN_CONSTANT_CONVERSION = YES;
				CLANG_WARN_DIRECT_OBJC_ISA_USAGE = YES_ERROR;
				CLANG_WARN_EMPTY_BODY = YES;
				CLANG_WARN_ENUM_CONVERSION = YES;
				CLANG_WARN_INT_CONVERSION = YES;
				CLANG_WARN_OBJC_ROOT_CLASS = YES_ERROR;
				CLANG_WARN__DUPLICATE_METHOD_MATCH = YES;
				CODE_SIGN_IDENTITY = "iPhone Developer";
				"CODE_SIGN_IDENTITY[sdk=iphoneos*]" = "iPhone Developer";
				COPY_PHASE_STRIP = YES;
				ENABLE_NS_ASSERTIONS = NO;
				GCC_C_LANGUAGE_STANDARD = gnu99;
				GCC_WARN_64_TO_32_BIT_CONVERSION = YES;
				GCC_WARN_ABOUT_RETURN_TYPE = YES_ERROR;
				GCC_WARN_UNDECLARED_SELECTOR = YES;
				GCC_WARN_UNINITIALIZED_AUTOS = YES;
				GCC_WARN_UNUSED_FUNCTION = YES;
				GCC_WARN_UNUSED_VARIABLE = YES;
				IPHONEOS_DEPLOYMENT_TARGET = 7.0;
				SDKROOT = iphoneos;
				TARGETED_DEVICE_FAMILY = "1,2";
				VALIDATE_PRODUCT = YES;
			};
			name = Release;
		};
		21D070EE181D9D460019D264 /* Debug */ = {
			isa = XCBuildConfiguration;
			buildSettings = {
				ASSETCATALOG_COMPILER_APPICON_NAME = AppIcon;
				ASSETCATALOG_COMPILER_LAUNCHIMAGE_NAME = LaunchImage;
				CLANG_CXX_LANGUAGE_STANDARD = "c++0x";
				CODE_SIGN_IDENTITY = "iPhone Developer";
				"CODE_SIGN_IDENTITY[sdk=iphoneos*]" = "iPhone Developer";
				COMPRESS_PNG_FILES = NO;
				GCC_C_LANGUAGE_STANDARD = "compiler-default";
				GCC_PRECOMPILE_PREFIX_HEADER = NO;
				GCC_PREFIX_HEADER = "";
				GCC_PREPROCESSOR_DEFINITIONS = (
					__DEBUG__,
					"$(inherited)",
					__IOS__,
				);
				HEADER_SEARCH_PATHS = (
					"$(inherited)",
					"\"$(SRCROOT)/../ie3D-Core/Sources\"",
					"\"$(SRCROOT)/../ie3D-Engine/Sources\"",
					"\"$(SRCROOT)/../ie3D-Core/Libraries\"",
					"\"$(SRCROOT)/../ie3D-Core/Libraries/pvrtextool/include\"",
					/Applications/Xcode.app/Contents/Developer/Toolchains/XcodeDefault.xctoolchain/usr/include,
				);
				INFOPLIST_FILE = "$(SRCROOT)/Support/ie3D-Demo.plist";
				IPHONEOS_DEPLOYMENT_TARGET = 7.0;
				LLVM_VECTORIZE_LOOPS = YES;
				OTHER_LDFLAGS = "-ObjC";
				PRODUCT_NAME = "$(TARGET_NAME)";
				PROVISIONING_PROFILE = "";
				TARGETED_DEVICE_FAMILY = "1,2";
				VALID_ARCHS = "armv7 armv7s arm64";
				WRAPPER_EXTENSION = app;
			};
			name = Debug;
		};
		21D070EF181D9D460019D264 /* Release */ = {
			isa = XCBuildConfiguration;
			buildSettings = {
				ASSETCATALOG_COMPILER_APPICON_NAME = AppIcon;
				ASSETCATALOG_COMPILER_LAUNCHIMAGE_NAME = LaunchImage;
				CLANG_CXX_LANGUAGE_STANDARD = "c++0x";
				CODE_SIGN_IDENTITY = "iPhone Developer";
				"CODE_SIGN_IDENTITY[sdk=iphoneos*]" = "iPhone Developer";
				COMPRESS_PNG_FILES = NO;
				GCC_C_LANGUAGE_STANDARD = "compiler-default";
				GCC_OPTIMIZATION_LEVEL = fast;
				GCC_PRECOMPILE_PREFIX_HEADER = NO;
				GCC_PREFIX_HEADER = "";
				GCC_PREPROCESSOR_DEFINITIONS = __IOS__;
				HEADER_SEARCH_PATHS = (
					"$(inherited)",
					"\"$(SRCROOT)/../ie3D-Core/Sources\"",
					"\"$(SRCROOT)/../ie3D-Engine/Sources\"",
					"\"$(SRCROOT)/../ie3D-Core/Libraries\"",
					"\"$(SRCROOT)/../ie3D-Core/Libraries/pvrtextool/include\"",
					/Applications/Xcode.app/Contents/Developer/Toolchains/XcodeDefault.xctoolchain/usr/include,
				);
				INFOPLIST_FILE = "$(SRCROOT)/Support/ie3D-Demo.plist";
				IPHONEOS_DEPLOYMENT_TARGET = 7.0;
				LLVM_VECTORIZE_LOOPS = YES;
				OTHER_LDFLAGS = "-ObjC";
				PRODUCT_NAME = "$(TARGET_NAME)";
				PROVISIONING_PROFILE = "";
				TARGETED_DEVICE_FAMILY = "1,2";
				VALID_ARCHS = "armv7 armv7s arm64";
				WRAPPER_EXTENSION = app;
			};
			name = Release;
		};
/* End XCBuildConfiguration section */

/* Begin XCConfigurationList section */
		21D070BC181D9D460019D264 /* Build configuration list for PBXProject "ie3D-Demo" */ = {
			isa = XCConfigurationList;
			buildConfigurations = (
				21D070EB181D9D460019D264 /* Debug */,
				21D070EC181D9D460019D264 /* Release */,
			);
			defaultConfigurationIsVisible = 0;
			defaultConfigurationName = Release;
		};
		21D070ED181D9D460019D264 /* Build configuration list for PBXNativeTarget "ie3D-Demo" */ = {
			isa = XCConfigurationList;
			buildConfigurations = (
				21D070EE181D9D460019D264 /* Debug */,
				21D070EF181D9D460019D264 /* Release */,
			);
			defaultConfigurationIsVisible = 0;
			defaultConfigurationName = Release;
		};
/* End XCConfigurationList section */
	};
	rootObject = 21D070B9181D9D460019D264 /* Project object */;
}
